// !$*UTF8*$!
{
	archiveVersion = 1;
	classes = {
	};
	objectVersion = 71;
	objects = {

/* Begin PBXBuildFile section */
		0FE22A9F977F4DE5866962DB /* MoshClientCoreUtilTests.swift in Sources */ = {isa = PBXBuildFile; fileRef = FCE6ECFFF687451EB1224BE5 /* MoshClientCoreUtilTests.swift */; };
		1452E163F5D344E295B6A360 /* RepositoryTests.swift in Sources */ = {isa = PBXBuildFile; fileRef = B77D60C4676C4F66AF196A80 /* RepositoryTests.swift */; };
		1AB459535CE46863FA6D7E24 /* TransportSenderTests.swift in Sources */ = {isa = PBXBuildFile; fileRef = 1A4AA31FC73E213299AA30FE /* TransportSenderTests.swift */; };
		1B2C3D4E5F60718293A4B5C6 /* OCBPacketCodec.swift in Sources */ = {isa = PBXBuildFile; fileRef = 9F2A1B3C4D5E6F7081920A1B /* OCBPacketCodec.swift */; };
		1FCDB2638DAB4482A4E0C51E /* SecureRandom.swift in Sources */ = {isa = PBXBuildFile; fileRef = A5D3691FA6324878BDB61B35 /* SecureRandom.swift */; };
		33D9F5CF57D872FF5F8A655D /* ProtoCodecTests.swift in Sources */ = {isa = PBXBuildFile; fileRef = 5887890B1C9820791F281160 /* ProtoCodecTests.swift */; };
		3661D96F71E9D2ACB955FE0E /* TransportSender.swift in Sources */ = {isa = PBXBuildFile; fileRef = A783EFBE33B5FDD38C1D5DFF /* TransportSender.swift */; };
		57FDDBAD7F1848398CD3BA4A /* ConnectionFailure.swift in Sources */ = {isa = PBXBuildFile; fileRef = 419F6FB9E4C14697A66F8256 /* ConnectionFailure.swift */; };
		6236D715578A483DB1E53A393712121A /* ocb.c in Sources */ = {isa = PBXBuildFile; fileRef = 3E47DE56953F47C29E0893B8CDD69708 /* ocb.c */; };
		67ADC61164BA4F348F78265D /* ReconnectBackoff.swift in Sources */ = {isa = PBXBuildFile; fileRef = 2DF9C3DDFEAB48459B4BB3FB /* ReconnectBackoff.swift */; };
		71F7D6297183487F830FC4C8E9059E40 /* OCBSession.swift in Sources */ = {isa = PBXBuildFile; fileRef = 6C8E1976C64842A78AB3C87C76615FC4 /* OCBSession.swift */; };
		74BCF1FED6F14F2BB1B9A388 /* Licenses.swift in Sources */ = {isa = PBXBuildFile; fileRef = 89E508C0249C443DB5EBB2E5 /* Licenses.swift */; };
		7B0AFDBF3A214D958A626557 /* SequenceCounter.swift in Sources */ = {isa = PBXBuildFile; fileRef = AE9D5D20682C47D79CA035F1 /* SequenceCounter.swift */; };
		810FCC2B47F82E36AE63CB27 /* PacketCodecTests.swift in Sources */ = {isa = PBXBuildFile; fileRef = 7EE2D1DEB21FDD85BA3FEB12 /* PacketCodecTests.swift */; };
		8B642FAAC36241C8A9292828 /* libz.tbd in Frameworks */ = {isa = PBXBuildFile; fileRef = 799D328B877F4E8683C00000 /* libz.tbd */; };
		96B5DE7DFCC74C1CA7380C01 /* LibSSH2AvailabilityGuard.swift in Sources */ = {isa = PBXBuildFile; fileRef = C6EC9BE9B0064F3AA5527163 /* LibSSH2AvailabilityGuard.swift */; };
		A1A1A1A1A1A1A1A1A1A1A1A1 /* MoshTerminalApp.swift in Sources */ = {isa = PBXBuildFile; fileRef = A1A1A1A1A1A1A1A1A1A1A1A2 /* MoshTerminalApp.swift */; };
		A1A1A1A1A1A1A1A1A1A1A1A3 /* AppEnvironment.swift in Sources */ = {isa = PBXBuildFile; fileRef = A1A1A1A1A1A1A1A1A1A1A1A4 /* AppEnvironment.swift */; };
		A1A1A1A1A1A1A1A1A1A1A1A5 /* AppTheme.swift in Sources */ = {isa = PBXBuildFile; fileRef = A1A1A1A1A1A1A1A1A1A1A1A6 /* AppTheme.swift */; };
		A1A1A1A1A1A1A1A1A1A1A1A7 /* HostsListView.swift in Sources */ = {isa = PBXBuildFile; fileRef = A1A1A1A1A1A1A1A1A1A1A1A8 /* HostsListView.swift */; };
		A1A1A1A1A1A1A1A1A1A1A1A9 /* SettingsView.swift in Sources */ = {isa = PBXBuildFile; fileRef = A1A1A1A1A1A1A1A1A1A1A1AA /* SettingsView.swift */; };
		A1A1A1A1A1A1A1A1A1A1A1AB /* TerminalView.swift in Sources */ = {isa = PBXBuildFile; fileRef = A1A1A1A1A1A1A1A1A1A1A1AC /* TerminalView.swift */; };
		C0C0C0C0C0C0C0C0C0C0C0C2 /* StableTerminalView.swift in Sources */ = {isa = PBXBuildFile; fileRef = C0C0C0C0C0C0C0C0C0C0C0C1 /* StableTerminalView.swift */; };
		A1A1A1A1A1A1A1A1A1A1A1AD /* Assets.xcassets in Resources */ = {isa = PBXBuildFile; fileRef = A1A1A1A1A1A1A1A1A1A1A1AE /* Assets.xcassets */; };
		F6F6F6F6F6F6F6F6F6F6F6F7 /* PrivacyInfo.xcprivacy in Resources */ = {isa = PBXBuildFile; fileRef = F6F6F6F6F6F6F6F6F6F6F6F6 /* PrivacyInfo.xcprivacy */; };
		A1A1A1A1A1A1A1A1A1A1A1C1 /* LicensesView.swift in Sources */ = {isa = PBXBuildFile; fileRef = A1A1A1A1A1A1A1A1A1A1A1C0 /* LicensesView.swift */; };
		A1A1A1A1A1A1A1A1A1A1A1E1 /* AboutView.swift in Sources */ = {isa = PBXBuildFile; fileRef = A1A1A1A1A1A1A1A1A1A1A1E0 /* AboutView.swift */; };
		A1A1A1A1A1A1A1A1A1A1A1F2 /* TipJarStore.swift in Sources */ = {isa = PBXBuildFile; fileRef = A1A1A1A1A1A1A1A1A1A1A1F1 /* TipJarStore.swift */; };
		A1A1A1A1A1A1A1A1A1A1A1F3 /* TipJarView.swift in Sources */ = {isa = PBXBuildFile; fileRef = A1A1A1A1A1A1A1A1A1A1A1F0 /* TipJarView.swift */; };
		A1A1A1A1A1A1A1A1A1A1A1D1 /* AppSettings.swift in Sources */ = {isa = PBXBuildFile; fileRef = A1A1A1A1A1A1A1A1A1A1A1D2 /* AppSettings.swift */; };
		A2B3C4D5E6F708192A3B4C5E /* TransportFraming.swift in Sources */ = {isa = PBXBuildFile; fileRef = A2B3C4D5E6F708192A3B4C5D /* TransportFraming.swift */; };
		A7E6B7A2F6F14E3F9C1C2D3F /* MoshRuntimeKeepaliveTests.swift in Sources */ = {isa = PBXBuildFile; fileRef = A7E6B7A2F6F14E3F9C1C2D3E /* MoshRuntimeKeepaliveTests.swift */; };
		A9F2CF4273AA43B8A220FD35 /* MoshBootstrapperTests.swift in Sources */ = {isa = PBXBuildFile; fileRef = 1732609AEA2E44D18A29D6C6 /* MoshBootstrapperTests.swift */; };
		B1B1B1B1B1B1B1B1B1B1B1B3 /* SwiftTerm in Frameworks */ = {isa = PBXBuildFile; productRef = B1B1B1B1B1B1B1B1B1B1B1B2 /* SwiftTerm */; };
		B38F9196699ECA6BB670B17D /* UserState.swift in Sources */ = {isa = PBXBuildFile; fileRef = 2966B88DEC24B6A75F059FCB /* UserState.swift */; };
		B3EDDFB29DFA4D4D967C87BB /* ZlibCodec.swift in Sources */ = {isa = PBXBuildFile; fileRef = DB85C401F557476CA36637B7 /* ZlibCodec.swift */; };
		B656783C53F748E3B8A84134 /* ConnectionManagerTests.swift in Sources */ = {isa = PBXBuildFile; fileRef = 111671E9D83E43D9A0C0C7D1 /* ConnectionManagerTests.swift */; };
		BCF918674E6143BCB7E14C5C /* ReconnectBackoffPolicyTests.swift in Sources */ = {isa = PBXBuildFile; fileRef = 11EB1BDED3FF4596BF25B4BA /* ReconnectBackoffPolicyTests.swift */; };
		C0D1E2F3A4B5C6D7E8F90123 /* TransportReceiver.swift in Sources */ = {isa = PBXBuildFile; fileRef = B8C0F2F5E11B4CF1A8C77E12 /* TransportReceiver.swift */; };
		C1C1C1C1C1C1C1C1C1C1C1D1 /* HostProfile.swift in Sources */ = {isa = PBXBuildFile; fileRef = C1C1C1C1C1C1C1C1C1C1C1C1 /* HostProfile.swift */; };
		C1C1C1C1C1C1C1C1C1C1C1D2 /* TrustedHostKey.swift in Sources */ = {isa = PBXBuildFile; fileRef = C1C1C1C1C1C1C1C1C1C1C1C2 /* TrustedHostKey.swift */; };
		C1C1C1C1C1C1C1C1C1C1C1D3 /* JSONStore.swift in Sources */ = {isa = PBXBuildFile; fileRef = C1C1C1C1C1C1C1C1C1C1C1C3 /* JSONStore.swift */; };
		C1C1C1C1C1C1C1C1C1C1C1D4 /* JSONStoreTests.swift in Sources */ = {isa = PBXBuildFile; fileRef = C1C1C1C1C1C1C1C1C1C1C1C4 /* JSONStoreTests.swift */; };
		C6C5AC7DCA2D4F87BD29A109 /* Clock.swift in Sources */ = {isa = PBXBuildFile; fileRef = 56DD095043A54897BD02CC57 /* Clock.swift */; };
		D1D1D1D1D1D1D1D1D1D1D1D1 /* KeyManagementView.swift in Sources */ = {isa = PBXBuildFile; fileRef = D1D1D1D1D1D1D1D1D1D1D1E1 /* KeyManagementView.swift */; };
		D1D1D1D1D1D1D1D1D1D1D1D2 /* KeychainPrivateKeyStore.swift in Sources */ = {isa = PBXBuildFile; fileRef = D1D1D1D1D1D1D1D1D1D1D1E2 /* KeychainPrivateKeyStore.swift */; };
		D1D1D1D1D1D1D1D1D1D1D1D3 /* SSHPrivateKeyValidator.swift in Sources */ = {isa = PBXBuildFile; fileRef = D1D1D1D1D1D1D1D1D1D1D1E3 /* SSHPrivateKeyValidator.swift */; };
		D1D1D1D1D1D1D1D1D1D1D1D4 /* SSHPrivateKeyValidatorTests.swift in Sources */ = {isa = PBXBuildFile; fileRef = D1D1D1D1D1D1D1D1D1D1D1E5 /* SSHPrivateKeyValidatorTests.swift */; };
		D1D1D1D1D1D1D1D1D1D1D1F2 /* DatagramSocketTests.swift in Sources */ = {isa = PBXBuildFile; fileRef = D1D1D1D1D1D1D1D1D1D1D1F1 /* DatagramSocketTests.swift */; };
		D8E1F2A3B4C5D6E7F8A9B0C2 /* Fragment.swift in Sources */ = {isa = PBXBuildFile; fileRef = D8E1F2A3B4C5D6E7F8A9B0C3 /* Fragment.swift */; };
		DE63ADE7C9F14E50B62404BD /* SessionKey.swift in Sources */ = {isa = PBXBuildFile; fileRef = FF2FAF7BBBD045AEBECA0CE3 /* SessionKey.swift */; };
		E1E1E1E1E1E1E1E1E1E1E1A1 /* HostEditorView.swift in Sources */ = {isa = PBXBuildFile; fileRef = E1E1E1E1E1E1E1E1E1E1E1A2 /* HostEditorView.swift */; };
		E2E2E2E2E2E2E2E2E2E2E2A1 /* SSHClient.swift in Sources */ = {isa = PBXBuildFile; fileRef = E2E2E2E2E2E2E2E2E2E2E2B1 /* SSHClient.swift */; };
		E2E2E2E2E2E2E2E2E2E2E2A2 /* SSHHostKeyVerifier.swift in Sources */ = {isa = PBXBuildFile; fileRef = E2E2E2E2E2E2E2E2E2E2E2B2 /* SSHHostKeyVerifier.swift */; };
		E2E2E2E2E2E2E2E2E2E2E2A3 /* UnavailableSSHClient.swift in Sources */ = {isa = PBXBuildFile; fileRef = E2E2E2E2E2E2E2E2E2E2E2B3 /* UnavailableSSHClient.swift */; };
		E2E2E2E2E2E2E2E2E2E2E2A4 /* LibSSH2Client.swift in Sources */ = {isa = PBXBuildFile; fileRef = E2E2E2E2E2E2E2E2E2E2E2B4 /* LibSSH2Client.swift */; };
		E2E2E2E2E2E2E2E2E2E2E2F2 /* MoshE2EIntegrationTests.swift in Sources */ = {isa = PBXBuildFile; fileRef = E2E2E2E2E2E2E2E2E2E2E2F1 /* MoshE2EIntegrationTests.swift */; };
		E2E2E2E2E2E2E2E2E2E2E301 /* Frameworks/libssh2.xcframework in Frameworks */ = {isa = PBXBuildFile; fileRef = E2E2E2E2E2E2E2E2E2E2E300 /* Frameworks/libssh2.xcframework */; };
		E2E2E2E2E2E2E2E2E2E2E302 /* Frameworks/libssl.xcframework in Frameworks */ = {isa = PBXBuildFile; fileRef = E2E2E2E2E2E2E2E2E2E2E310 /* Frameworks/libssl.xcframework */; };
		E2E2E2E2E2E2E2E2E2E2E303 /* Frameworks/libcrypto.xcframework in Frameworks */ = {isa = PBXBuildFile; fileRef = E2E2E2E2E2E2E2E2E2E2E320 /* Frameworks/libcrypto.xcframework */; };
		E2E2E2E2E2E2E2E2E2E2E401 /* Frameworks/libssh2.xcframework in Frameworks */ = {isa = PBXBuildFile; fileRef = E2E2E2E2E2E2E2E2E2E2E300 /* Frameworks/libssh2.xcframework */; };
		E2E2E2E2E2E2E2E2E2E2E402 /* Frameworks/libssl.xcframework in Frameworks */ = {isa = PBXBuildFile; fileRef = E2E2E2E2E2E2E2E2E2E2E310 /* Frameworks/libssl.xcframework */; };
		E2E2E2E2E2E2E2E2E2E2E403 /* Frameworks/libcrypto.xcframework in Frameworks */ = {isa = PBXBuildFile; fileRef = E2E2E2E2E2E2E2E2E2E2E320 /* Frameworks/libcrypto.xcframework */; };
		E4C5D6F7A8B9C0D1E2F3A4B6 /* DiffMessageCodec.swift in Sources */ = {isa = PBXBuildFile; fileRef = E4C5D6F7A8B9C0D1E2F3A4B5 /* DiffMessageCodec.swift */; };
		EB52B07CD023C7F74660A5E0 /* ProtoCodec.swift in Sources */ = {isa = PBXBuildFile; fileRef = 2FDAD9997C40615B3704A6D2 /* ProtoCodec.swift */; };
		F2F2F2F2F2F2F2F2F2F2F2B1 /* AppLifecycleService.swift in Sources */ = {isa = PBXBuildFile; fileRef = F2F2F2F2F2F2F2F2F2F2F2A1 /* AppLifecycleService.swift */; };
		F2F2F2F2F2F2F2F2F2F2F2B2 /* NetworkPathService.swift in Sources */ = {isa = PBXBuildFile; fileRef = F2F2F2F2F2F2F2F2F2F2F2A2 /* NetworkPathService.swift */; };
		15D11F6E97289100FA789857 /* ServiceProtocols.swift in Sources */ = {isa = PBXBuildFile; fileRef = AE0E283BFD9806556F900C6A /* ServiceProtocols.swift */; };
		7B310FCE8CF2EAC0734C19C5 /* PersistenceProtocols.swift in Sources */ = {isa = PBXBuildFile; fileRef = 69AEA3EBE6351D74413B5551 /* PersistenceProtocols.swift */; };
		F2F2F2F2F2F2F2F2F2F2F2B3 /* ConnectionManager.swift in Sources */ = {isa = PBXBuildFile; fileRef = F2F2F2F2F2F2F2F2F2F2F2A4 /* ConnectionManager.swift */; };
		F2F2F2F2F2F2F2F2F2F2F2D1 /* DatagramSocket.swift in Sources */ = {isa = PBXBuildFile; fileRef = F2F2F2F2F2F2F2F2F2F2F2C1 /* DatagramSocket.swift */; };
		F2F2F2F2F2F2F2F2F2F2F2D2 /* RoamingDatagramSocket.swift in Sources */ = {isa = PBXBuildFile; fileRef = F2F2F2F2F2F2F2F2F2F2F2C2 /* RoamingDatagramSocket.swift */; };
		F3F3F3F3F3F3F3F3F3F3F3B1 /* TerminalSessionController.swift in Sources */ = {isa = PBXBuildFile; fileRef = F3F3F3F3F3F3F3F3F3F3F301 /* TerminalSessionController.swift */; };
		F3F3F3F3F3F3F3F3F3F3F3B2 /* TerminalSessionDependencies.swift in Sources */ = {isa = PBXBuildFile; fileRef = F3F3F3F3F3F3F3F3F3F3F302 /* TerminalSessionDependencies.swift */; };
		F3F3F3F3F3F3F3F3F3F3F3B3 /* TerminalSessionViewModel.swift in Sources */ = {isa = PBXBuildFile; fileRef = F3F3F3F3F3F3F3F3F3F3F303 /* TerminalSessionViewModel.swift */; };
		F3F3F3F3F3F3F3F3F3F3F3B4 /* LoopbackMoshEngine.swift in Sources */ = {isa = PBXBuildFile; fileRef = F3F3F3F3F3F3F3F3F3F3F304 /* LoopbackMoshEngine.swift */; };
		F3F3F3F3F3F3F3F3F3F3F3B5 /* MoshBootstrapper.swift in Sources */ = {isa = PBXBuildFile; fileRef = F3F3F3F3F3F3F3F3F3F3F305 /* MoshBootstrapper.swift */; };
		F3F3F3F3F3F3F3F3F3F3F3B6 /* MoshClientEngine.swift in Sources */ = {isa = PBXBuildFile; fileRef = F3F3F3F3F3F3F3F3F3F3F306 /* MoshClientEngine.swift */; };
		F3F3F3F3F3F3F3F3F3F3F3B7 /* MoshEngine.swift in Sources */ = {isa = PBXBuildFile; fileRef = F3F3F3F3F3F3F3F3F3F3F307 /* MoshEngine.swift */; };
		F3F3F3F3F3F3F3F3F3F3F3B8 /* UnavailableMoshEngine.swift in Sources */ = {isa = PBXBuildFile; fileRef = F3F3F3F3F3F3F3F3F3F3F308 /* UnavailableMoshEngine.swift */; };
		F3F3F3F3F3F3F3F3F3F3F3B9 /* MoshConnectInfo.swift in Sources */ = {isa = PBXBuildFile; fileRef = F3F3F3F3F3F3F3F3F3F3F309 /* MoshConnectInfo.swift */; };
		F4F4F4F4F4F4F4F4F4F4F402 /* NativeMoshEngine.swift in Sources */ = {isa = PBXBuildFile; fileRef = F4F4F4F4F4F4F4F4F4F4F401 /* NativeMoshEngine.swift */; };
		F4F4F4F4F4F4F4F4F4F4F404 /* MoshCoreRuntime.swift in Sources */ = {isa = PBXBuildFile; fileRef = F4F4F4F4F4F4F4F4F4F4F403 /* MoshCoreRuntime.swift */; };
		F4F4F4F4F4F4F4F4F4F4F408 /* TrustedHostKeysView.swift in Sources */ = {isa = PBXBuildFile; fileRef = F4F4F4F4F4F4F4F4F4F4F407 /* TrustedHostKeysView.swift */; };
		F4F4F4F4F4F4F4F4F4F4F40A /* MoshRuntime.swift in Sources */ = {isa = PBXBuildFile; fileRef = F4F4F4F4F4F4F4F4F4F4F409 /* MoshRuntime.swift */; };
		7CE682975440393D8B27D9A8 /* UTF8ByteParser.swift in Sources */ = {isa = PBXBuildFile; fileRef = E9F602CD462F813F5C2A5B49 /* UTF8ByteParser.swift */; };
		7F260B101DBF8462D9057D25 /* PredictionParserTests.swift in Sources */ = {isa = PBXBuildFile; fileRef = B1A8B741D64E26414BB742D3 /* PredictionParserTests.swift */; };
		E1A2B3C4D5E6F708192A3B4C /* PredictionDisplayPreference.swift in Sources */ = {isa = PBXBuildFile; fileRef = 0E5FFD33619139ECCC9FB385 /* PredictionDisplayPreference.swift */; };
		E2A3B4C5D6E7F8091A2B3C4D /* PredictionEngine.swift in Sources */ = {isa = PBXBuildFile; fileRef = FCE78E87B9E1FF341CAD0FF4 /* PredictionEngine.swift */; };
		E3A4B5C6D7E8F90A1B2C3D4E /* PredictionNetworkSnapshot.swift in Sources */ = {isa = PBXBuildFile; fileRef = 00D46DFF6BDDCC5589FF6015 /* PredictionNetworkSnapshot.swift */; };
		E4A5B6C7D8E9F01B2C3D4E5F /* PredictionRenderModel.swift in Sources */ = {isa = PBXBuildFile; fileRef = D4609DFDF5DBC2A1B5B2A929 /* PredictionRenderModel.swift */; };
		E5A6B7C8D9EA0B1C2D3E4F50 /* TerminalPredictionCoordinator.swift in Sources */ = {isa = PBXBuildFile; fileRef = 55D028B53B4ADD8F933C8186 /* TerminalPredictionCoordinator.swift */; };
		E6A7B8C9DAEB1C2D3E4F5061 /* SwiftTermGrid.swift in Sources */ = {isa = PBXBuildFile; fileRef = E6A7B8C9DAEB1C2D3E4F5060 /* SwiftTermGrid.swift */; };
		C9D3E4F5061728394A5B6C7D /* PredictionTypes.swift in Sources */ = {isa = PBXBuildFile; fileRef = A7C1B2D3E4F5061728394A5B /* PredictionTypes.swift */; };
		D0E4F5061728394A5B6C7E8F /* PredictionEngineInputTests.swift in Sources */ = {isa = PBXBuildFile; fileRef = B8C2D3E4F5061728394A5C6D /* PredictionEngineInputTests.swift */; };
		BC945E7D48B544DFB0A5050 /* PredictionSwiftTermIntegrationTests.swift in Sources */ = {isa = PBXBuildFile; fileRef = ABA2BF1D8AFF49C4B2B62049 /* PredictionSwiftTermIntegrationTests.swift */; };
		1776D11099F64422A24D0357 /* PredictionDisplayPreferenceTests.swift in Sources */ = {isa = PBXBuildFile; fileRef = DC8CB3502052429883BCD547 /* PredictionDisplayPreferenceTests.swift */; };
		B0E3F4A5C6D7E8F90A1B2C3D /* PredictionOverlayView.swift in Sources */ = {isa = PBXBuildFile; fileRef = A8D2E3F4B5C6D7E8F90A1B2C /* PredictionOverlayView.swift */; };
		15D11F6E97289100FA789857 /* ServiceProtocols.swift in Sources */ = {isa = PBXBuildFile; fileRef = AE0E283BFD9806556F900C6A /* ServiceProtocols.swift */; };
		7B310FCE8CF2EAC0734C19C5 /* PersistenceProtocols.swift in Sources */ = {isa = PBXBuildFile; fileRef = 69AEA3EBE6351D74413B5551 /* PersistenceProtocols.swift */; };
		E9F8D7C6A5B4E3D2C1B0A9F8 /* MockProtocols.swift in Sources */ = {isa = PBXBuildFile; fileRef = D8C7E6A9B4D3F5E2C8A1B3D4 /* MockProtocols.swift */; };
/* End PBXBuildFile section */

/* Begin PBXContainerItemProxy section */
		C1C1C1C1C1C1C1C1C1C1C1F6 /* PBXContainerItemProxy */ = {
			isa = PBXContainerItemProxy;
			containerPortal = A1A1A1A1A1A1A1A1A1A1A1B9 /* Project object */;
			proxyType = 1;
			remoteGlobalIDString = A1A1A1A1A1A1A1A1A1A1A1B5;
			remoteInfo = MoshTerminal;
		};
/* End PBXContainerItemProxy section */

/* Begin PBXFileReference section */
		111671E9D83E43D9A0C0C7D1 /* ConnectionManagerTests.swift */ = {isa = PBXFileReference; lastKnownFileType = sourcecode.swift; path = ConnectionManagerTests.swift; sourceTree = "<group>"; };
		11EB1BDED3FF4596BF25B4BA /* ReconnectBackoffPolicyTests.swift */ = {isa = PBXFileReference; lastKnownFileType = sourcecode.swift; path = ReconnectBackoffPolicyTests.swift; sourceTree = "<group>"; };
		1732609AEA2E44D18A29D6C6 /* MoshBootstrapperTests.swift */ = {isa = PBXFileReference; lastKnownFileType = sourcecode.swift; path = MoshBootstrapperTests.swift; sourceTree = "<group>"; };
		1A4AA31FC73E213299AA30FE /* TransportSenderTests.swift */ = {isa = PBXFileReference; lastKnownFileType = sourcecode.swift; path = TransportSenderTests.swift; sourceTree = "<group>"; };
		2966B88DEC24B6A75F059FCB /* UserState.swift */ = {isa = PBXFileReference; lastKnownFileType = sourcecode.swift; path = UserState.swift; sourceTree = "<group>"; };
		2CF4BD2B2A5946CF9F9B9FD50BC3AF01 /* ae.h */ = {isa = PBXFileReference; lastKnownFileType = sourcecode.c.h; path = ae.h; sourceTree = "<group>"; };
		2DF9C3DDFEAB48459B4BB3FB /* ReconnectBackoff.swift */ = {isa = PBXFileReference; lastKnownFileType = sourcecode.swift; path = ReconnectBackoff.swift; sourceTree = "<group>"; };
		2FDAD9997C40615B3704A6D2 /* ProtoCodec.swift */ = {isa = PBXFileReference; lastKnownFileType = sourcecode.swift; path = ProtoCodec.swift; sourceTree = "<group>"; };
		3E47DE56953F47C29E0893B8CDD69708 /* ocb.c */ = {isa = PBXFileReference; lastKnownFileType = sourcecode.c.c; path = ocb.c; sourceTree = "<group>"; };
		3F63A1BE2F28F98800ACE2AA /* .gitignore */ = {isa = PBXFileReference; lastKnownFileType = text; path = .gitignore; sourceTree = "<group>"; };
		419F6FB9E4C14697A66F8256 /* ConnectionFailure.swift */ = {isa = PBXFileReference; lastKnownFileType = sourcecode.swift; path = ConnectionFailure.swift; sourceTree = "<group>"; };
		56DD095043A54897BD02CC57 /* Clock.swift */ = {isa = PBXFileReference; lastKnownFileType = sourcecode.swift; path = Clock.swift; sourceTree = "<group>"; };
		5887890B1C9820791F281160 /* ProtoCodecTests.swift */ = {isa = PBXFileReference; lastKnownFileType = sourcecode.swift; path = ProtoCodecTests.swift; sourceTree = "<group>"; };
		6C8E1976C64842A78AB3C87C76615FC4 /* OCBSession.swift */ = {isa = PBXFileReference; lastKnownFileType = sourcecode.swift; path = OCBSession.swift; sourceTree = "<group>"; };
		799D328B877F4E8683C00000 /* libz.tbd */ = {isa = PBXFileReference; lastKnownFileType = "sourcecode.text-based-dylib-definition"; name = libz.tbd; path = usr/lib/libz.tbd; sourceTree = SDKROOT; };
		7EE2D1DEB21FDD85BA3FEB12 /* PacketCodecTests.swift */ = {isa = PBXFileReference; lastKnownFileType = sourcecode.swift; path = PacketCodecTests.swift; sourceTree = "<group>"; };
		89E508C0249C443DB5EBB2E5 /* Licenses.swift */ = {isa = PBXFileReference; lastKnownFileType = sourcecode.swift; path = Licenses.swift; sourceTree = "<group>"; };
		9F2A1B3C4D5E6F7081920A1B /* OCBPacketCodec.swift */ = {isa = PBXFileReference; lastKnownFileType = sourcecode.swift; path = OCBPacketCodec.swift; sourceTree = "<group>"; };
		A1A1A1A1A1A1A1A1A1A1A1A2 /* MoshTerminalApp.swift */ = {isa = PBXFileReference; lastKnownFileType = sourcecode.swift; path = MoshTerminalApp.swift; sourceTree = "<group>"; };
		A1A1A1A1A1A1A1A1A1A1A1A4 /* AppEnvironment.swift */ = {isa = PBXFileReference; lastKnownFileType = sourcecode.swift; path = AppEnvironment.swift; sourceTree = "<group>"; };
		A1A1A1A1A1A1A1A1A1A1A1A6 /* AppTheme.swift */ = {isa = PBXFileReference; lastKnownFileType = sourcecode.swift; path = AppTheme.swift; sourceTree = "<group>"; };
		A1A1A1A1A1A1A1A1A1A1A1A8 /* HostsListView.swift */ = {isa = PBXFileReference; lastKnownFileType = sourcecode.swift; path = HostsListView.swift; sourceTree = "<group>"; };
		A1A1A1A1A1A1A1A1A1A1A1AA /* SettingsView.swift */ = {isa = PBXFileReference; lastKnownFileType = sourcecode.swift; path = SettingsView.swift; sourceTree = "<group>"; };
		A1A1A1A1A1A1A1A1A1A1A1AC /* TerminalView.swift */ = {isa = PBXFileReference; lastKnownFileType = sourcecode.swift; path = TerminalView.swift; sourceTree = "<group>"; };
		C0C0C0C0C0C0C0C0C0C0C0C1 /* StableTerminalView.swift */ = {isa = PBXFileReference; lastKnownFileType = sourcecode.swift; path = StableTerminalView.swift; sourceTree = "<group>"; };
		A1A1A1A1A1A1A1A1A1A1A1AE /* Assets.xcassets */ = {isa = PBXFileReference; lastKnownFileType = folder.assetcatalog; path = Assets.xcassets; sourceTree = "<group>"; };
		A1A1A1A1A1A1A1A1A1A1A1AF /* Info.plist */ = {isa = PBXFileReference; lastKnownFileType = text.plist.xml; path = Info.plist; sourceTree = "<group>"; };
		F6F6F6F6F6F6F6F6F6F6F6F6 /* PrivacyInfo.xcprivacy */ = {isa = PBXFileReference; lastKnownFileType = file.xcprivacy; path = PrivacyInfo.xcprivacy; sourceTree = "<group>"; };
		A1A1A1A1A1A1A1A1A1A1A1B0 /* MoshTerminal.app */ = {isa = PBXFileReference; explicitFileType = wrapper.application; path = MoshTerminal.app; sourceTree = BUILT_PRODUCTS_DIR; };
		A1A1A1A1A1A1A1A1A1A1A1C0 /* LicensesView.swift */ = {isa = PBXFileReference; lastKnownFileType = sourcecode.swift; path = LicensesView.swift; sourceTree = "<group>"; };
		A1A1A1A1A1A1A1A1A1A1A1E0 /* AboutView.swift */ = {isa = PBXFileReference; lastKnownFileType = sourcecode.swift; path = AboutView.swift; sourceTree = "<group>"; };
		A1A1A1A1A1A1A1A1A1A1A1F0 /* TipJarView.swift */ = {isa = PBXFileReference; lastKnownFileType = sourcecode.swift; path = TipJarView.swift; sourceTree = "<group>"; };
		A1A1A1A1A1A1A1A1A1A1A1F1 /* TipJarStore.swift */ = {isa = PBXFileReference; lastKnownFileType = sourcecode.swift; path = TipJarStore.swift; sourceTree = "<group>"; };
		A1A1A1A1A1A1A1A1A1A1A1D2 /* AppSettings.swift */ = {isa = PBXFileReference; lastKnownFileType = sourcecode.swift; path = AppSettings.swift; sourceTree = "<group>"; };
		A2B3C4D5E6F708192A3B4C5D /* TransportFraming.swift */ = {isa = PBXFileReference; lastKnownFileType = sourcecode.swift; path = TransportFraming.swift; sourceTree = "<group>"; };
		A5D3691FA6324878BDB61B35 /* SecureRandom.swift */ = {isa = PBXFileReference; lastKnownFileType = sourcecode.swift; path = SecureRandom.swift; sourceTree = "<group>"; };
		A783EFBE33B5FDD38C1D5DFF /* TransportSender.swift */ = {isa = PBXFileReference; lastKnownFileType = sourcecode.swift; path = TransportSender.swift; sourceTree = "<group>"; };
		A7E6B7A2F6F14E3F9C1C2D3E /* MoshRuntimeKeepaliveTests.swift */ = {isa = PBXFileReference; lastKnownFileType = sourcecode.swift; path = MoshRuntimeKeepaliveTests.swift; sourceTree = "<group>"; };
		AE9D5D20682C47D79CA035F1 /* SequenceCounter.swift */ = {isa = PBXFileReference; lastKnownFileType = sourcecode.swift; path = SequenceCounter.swift; sourceTree = "<group>"; };
		B77D60C4676C4F66AF196A80 /* RepositoryTests.swift */ = {isa = PBXFileReference; lastKnownFileType = sourcecode.swift; path = RepositoryTests.swift; sourceTree = "<group>"; };
		B8C0F2F5E11B4CF1A8C77E12 /* TransportReceiver.swift */ = {isa = PBXFileReference; lastKnownFileType = sourcecode.swift; path = TransportReceiver.swift; sourceTree = "<group>"; };
		C1C1C1C1C1C1C1C1C1C1C1C1 /* HostProfile.swift */ = {isa = PBXFileReference; lastKnownFileType = sourcecode.swift; path = HostProfile.swift; sourceTree = "<group>"; };
		C1C1C1C1C1C1C1C1C1C1C1C2 /* TrustedHostKey.swift */ = {isa = PBXFileReference; lastKnownFileType = sourcecode.swift; path = TrustedHostKey.swift; sourceTree = "<group>"; };
		C1C1C1C1C1C1C1C1C1C1C1C3 /* JSONStore.swift */ = {isa = PBXFileReference; lastKnownFileType = sourcecode.swift; path = JSONStore.swift; sourceTree = "<group>"; };
		C1C1C1C1C1C1C1C1C1C1C1C4 /* JSONStoreTests.swift */ = {isa = PBXFileReference; lastKnownFileType = sourcecode.swift; path = JSONStoreTests.swift; sourceTree = "<group>"; };
		C1C1C1C1C1C1C1C1C1C1C1C5 /* MoshTerminalTests.xctest */ = {isa = PBXFileReference; explicitFileType = wrapper.cfbundle; path = MoshTerminalTests.xctest; sourceTree = BUILT_PRODUCTS_DIR; };
		C6EC9BE9B0064F3AA5527163 /* LibSSH2AvailabilityGuard.swift */ = {isa = PBXFileReference; lastKnownFileType = sourcecode.swift; path = LibSSH2AvailabilityGuard.swift; sourceTree = "<group>"; };
		D1D1D1D1D1D1D1D1D1D1D1E1 /* KeyManagementView.swift */ = {isa = PBXFileReference; lastKnownFileType = sourcecode.swift; path = KeyManagementView.swift; sourceTree = "<group>"; };
		D1D1D1D1D1D1D1D1D1D1D1E2 /* KeychainPrivateKeyStore.swift */ = {isa = PBXFileReference; lastKnownFileType = sourcecode.swift; path = KeychainPrivateKeyStore.swift; sourceTree = "<group>"; };
		D1D1D1D1D1D1D1D1D1D1D1E3 /* SSHPrivateKeyValidator.swift */ = {isa = PBXFileReference; lastKnownFileType = sourcecode.swift; path = SSHPrivateKeyValidator.swift; sourceTree = "<group>"; };
		D1D1D1D1D1D1D1D1D1D1D1E5 /* SSHPrivateKeyValidatorTests.swift */ = {isa = PBXFileReference; lastKnownFileType = sourcecode.swift; path = SSHPrivateKeyValidatorTests.swift; sourceTree = "<group>"; };
		D1D1D1D1D1D1D1D1D1D1D1F1 /* DatagramSocketTests.swift */ = {isa = PBXFileReference; lastKnownFileType = sourcecode.swift; path = DatagramSocketTests.swift; sourceTree = "<group>"; };
		D8E1F2A3B4C5D6E7F8A9B0C3 /* Fragment.swift */ = {isa = PBXFileReference; lastKnownFileType = sourcecode.swift; path = Fragment.swift; sourceTree = "<group>"; };
		DB85C401F557476CA36637B7 /* ZlibCodec.swift */ = {isa = PBXFileReference; lastKnownFileType = sourcecode.swift; path = ZlibCodec.swift; sourceTree = "<group>"; };
		E1E1E1E1E1E1E1E1E1E1E1A2 /* HostEditorView.swift */ = {isa = PBXFileReference; lastKnownFileType = sourcecode.swift; path = HostEditorView.swift; sourceTree = "<group>"; };
		E2E2E2E2E2E2E2E2E2E2E2B1 /* SSHClient.swift */ = {isa = PBXFileReference; lastKnownFileType = sourcecode.swift; path = SSHClient.swift; sourceTree = "<group>"; };
		E2E2E2E2E2E2E2E2E2E2E2B2 /* SSHHostKeyVerifier.swift */ = {isa = PBXFileReference; lastKnownFileType = sourcecode.swift; path = SSHHostKeyVerifier.swift; sourceTree = "<group>"; };
		E2E2E2E2E2E2E2E2E2E2E2B3 /* UnavailableSSHClient.swift */ = {isa = PBXFileReference; lastKnownFileType = sourcecode.swift; path = UnavailableSSHClient.swift; sourceTree = "<group>"; };
		E2E2E2E2E2E2E2E2E2E2E2B4 /* LibSSH2Client.swift */ = {isa = PBXFileReference; lastKnownFileType = sourcecode.swift; path = LibSSH2Client.swift; sourceTree = "<group>"; };
		E2E2E2E2E2E2E2E2E2E2E2F1 /* MoshE2EIntegrationTests.swift */ = {isa = PBXFileReference; lastKnownFileType = sourcecode.swift; path = MoshE2EIntegrationTests.swift; sourceTree = "<group>"; };
		E2E2E2E2E2E2E2E2E2E2E300 /* Frameworks/libssh2.xcframework */ = {isa = PBXFileReference; lastKnownFileType = wrapper.xcframework; path = Frameworks/libssh2.xcframework; sourceTree = "<group>"; };
		E2E2E2E2E2E2E2E2E2E2E310 /* Frameworks/libssl.xcframework */ = {isa = PBXFileReference; lastKnownFileType = wrapper.xcframework; path = Frameworks/libssl.xcframework; sourceTree = "<group>"; };
		E2E2E2E2E2E2E2E2E2E2E320 /* Frameworks/libcrypto.xcframework */ = {isa = PBXFileReference; lastKnownFileType = wrapper.xcframework; path = Frameworks/libcrypto.xcframework; sourceTree = "<group>"; };
		E4C5D6F7A8B9C0D1E2F3A4B5 /* DiffMessageCodec.swift */ = {isa = PBXFileReference; lastKnownFileType = sourcecode.swift; path = DiffMessageCodec.swift; sourceTree = "<group>"; };
		F2F2F2F2F2F2F2F2F2F2F2A1 /* AppLifecycleService.swift */ = {isa = PBXFileReference; lastKnownFileType = sourcecode.swift; path = AppLifecycleService.swift; sourceTree = "<group>"; };
		F2F2F2F2F2F2F2F2F2F2F2A2 /* NetworkPathService.swift */ = {isa = PBXFileReference; lastKnownFileType = sourcecode.swift; path = NetworkPathService.swift; sourceTree = "<group>"; };
		F2F2F2F2F2F2F2F2F2F2F2A4 /* ConnectionManager.swift */ = {isa = PBXFileReference; lastKnownFileType = sourcecode.swift; path = ConnectionManager.swift; sourceTree = "<group>"; };
		F2F2F2F2F2F2F2F2F2F2F2C1 /* DatagramSocket.swift */ = {isa = PBXFileReference; lastKnownFileType = sourcecode.swift; path = DatagramSocket.swift; sourceTree = "<group>"; };
		F2F2F2F2F2F2F2F2F2F2F2C2 /* RoamingDatagramSocket.swift */ = {isa = PBXFileReference; lastKnownFileType = sourcecode.swift; path = RoamingDatagramSocket.swift; sourceTree = "<group>"; };
		F3F3F3F3F3F3F3F3F3F3F301 /* TerminalSessionController.swift */ = {isa = PBXFileReference; lastKnownFileType = sourcecode.swift; path = TerminalSessionController.swift; sourceTree = "<group>"; };
		F3F3F3F3F3F3F3F3F3F3F302 /* TerminalSessionDependencies.swift */ = {isa = PBXFileReference; lastKnownFileType = sourcecode.swift; path = TerminalSessionDependencies.swift; sourceTree = "<group>"; };
		F3F3F3F3F3F3F3F3F3F3F303 /* TerminalSessionViewModel.swift */ = {isa = PBXFileReference; lastKnownFileType = sourcecode.swift; path = TerminalSessionViewModel.swift; sourceTree = "<group>"; };
		F3F3F3F3F3F3F3F3F3F3F304 /* LoopbackMoshEngine.swift */ = {isa = PBXFileReference; lastKnownFileType = sourcecode.swift; path = LoopbackMoshEngine.swift; sourceTree = "<group>"; };
		F3F3F3F3F3F3F3F3F3F3F305 /* MoshBootstrapper.swift */ = {isa = PBXFileReference; lastKnownFileType = sourcecode.swift; path = MoshBootstrapper.swift; sourceTree = "<group>"; };
		F3F3F3F3F3F3F3F3F3F3F306 /* MoshClientEngine.swift */ = {isa = PBXFileReference; lastKnownFileType = sourcecode.swift; path = MoshClientEngine.swift; sourceTree = "<group>"; };
		F3F3F3F3F3F3F3F3F3F3F307 /* MoshEngine.swift */ = {isa = PBXFileReference; lastKnownFileType = sourcecode.swift; path = MoshEngine.swift; sourceTree = "<group>"; };
		F3F3F3F3F3F3F3F3F3F3F308 /* UnavailableMoshEngine.swift */ = {isa = PBXFileReference; lastKnownFileType = sourcecode.swift; path = UnavailableMoshEngine.swift; sourceTree = "<group>"; };
		F3F3F3F3F3F3F3F3F3F3F309 /* MoshConnectInfo.swift */ = {isa = PBXFileReference; lastKnownFileType = sourcecode.swift; path = MoshConnectInfo.swift; sourceTree = "<group>"; };
		F4F4F4F4F4F4F4F4F4F4F401 /* NativeMoshEngine.swift */ = {isa = PBXFileReference; lastKnownFileType = sourcecode.swift; path = NativeMoshEngine.swift; sourceTree = "<group>"; };
		F4F4F4F4F4F4F4F4F4F4F403 /* MoshCoreRuntime.swift */ = {isa = PBXFileReference; lastKnownFileType = sourcecode.swift; path = MoshCoreRuntime.swift; sourceTree = "<group>"; };
		F4F4F4F4F4F4F4F4F4F4F405 /* README.md */ = {isa = PBXFileReference; lastKnownFileType = net.daringfireball.markdown; path = README.md; sourceTree = "<group>"; };
		F4F4F4F4F4F4F4F4F4F4F407 /* TrustedHostKeysView.swift */ = {isa = PBXFileReference; lastKnownFileType = sourcecode.swift; path = TrustedHostKeysView.swift; sourceTree = "<group>"; };
		F4F4F4F4F4F4F4F4F4F4F409 /* MoshRuntime.swift */ = {isa = PBXFileReference; lastKnownFileType = sourcecode.swift; path = MoshRuntime.swift; sourceTree = "<group>"; };
		F789644648F649058124AEA475E31280 /* Bridging-Header.h */ = {isa = PBXFileReference; lastKnownFileType = sourcecode.c.h; path = "Bridging-Header.h"; sourceTree = "<group>"; };
		FCE6ECFFF687451EB1224BE5 /* MoshClientCoreUtilTests.swift */ = {isa = PBXFileReference; lastKnownFileType = sourcecode.swift; path = MoshClientCoreUtilTests.swift; sourceTree = "<group>"; };
		FF2FAF7BBBD045AEBECA0CE3 /* SessionKey.swift */ = {isa = PBXFileReference; lastKnownFileType = sourcecode.swift; path = SessionKey.swift; sourceTree = "<group>"; };
		A8D2E3F4B5C6D7E8F90A1B2C /* PredictionOverlayView.swift */ = {isa = PBXFileReference; lastKnownFileType = sourcecode.swift; path = PredictionOverlayView.swift; sourceTree = "<group>"; };
		AE0E283BFD9806556F900C6A /* ServiceProtocols.swift */ = {isa = PBXFileReference; lastKnownFileType = sourcecode.swift; path = ServiceProtocols.swift; sourceTree = "<group>"; };
		69AEA3EBE6351D74413B5551 /* PersistenceProtocols.swift */ = {isa = PBXFileReference; lastKnownFileType = sourcecode.swift; path = PersistenceProtocols.swift; sourceTree = "<group>"; };
		D8C7E6A9B4D3F5E2C8A1B3D4 /* MockProtocols.swift */ = {isa = PBXFileReference; lastKnownFileType = sourcecode.swift; path = MockProtocols.swift; sourceTree = "<group>"; };
/* End PBXFileReference section */
		0E5FFD33619139ECCC9FB385 /* PredictionDisplayPreference.swift */ = {isa = PBXFileReference; lastKnownFileType = sourcecode.swift; path = PredictionDisplayPreference.swift; sourceTree = "<group>"; };
		FCE78E87B9E1FF341CAD0FF4 /* PredictionEngine.swift */ = {isa = PBXFileReference; lastKnownFileType = sourcecode.swift; path = PredictionEngine.swift; sourceTree = "<group>"; };
		00D46DFF6BDDCC5589FF6015 /* PredictionNetworkSnapshot.swift */ = {isa = PBXFileReference; lastKnownFileType = sourcecode.swift; path = PredictionNetworkSnapshot.swift; sourceTree = "<group>"; };
		D4609DFDF5DBC2A1B5B2A929 /* PredictionRenderModel.swift */ = {isa = PBXFileReference; lastKnownFileType = sourcecode.swift; path = PredictionRenderModel.swift; sourceTree = "<group>"; };
		55D028B53B4ADD8F933C8186 /* TerminalPredictionCoordinator.swift */ = {isa = PBXFileReference; lastKnownFileType = sourcecode.swift; path = TerminalPredictionCoordinator.swift; sourceTree = "<group>"; };
		E9F602CD462F813F5C2A5B49 /* UTF8ByteParser.swift */ = {isa = PBXFileReference; lastKnownFileType = sourcecode.swift; path = UTF8ByteParser.swift; sourceTree = "<group>"; };
		B1A8B741D64E26414BB742D3 /* PredictionParserTests.swift */ = {isa = PBXFileReference; lastKnownFileType = sourcecode.swift; path = PredictionParserTests.swift; sourceTree = "<group>"; };
		A7C1B2D3E4F5061728394A5B /* PredictionTypes.swift */ = {isa = PBXFileReference; lastKnownFileType = sourcecode.swift; path = PredictionTypes.swift; sourceTree = "<group>"; };
		B8C2D3E4F5061728394A5C6D /* PredictionEngineInputTests.swift */ = {isa = PBXFileReference; lastKnownFileType = sourcecode.swift; path = PredictionEngineInputTests.swift; sourceTree = "<group>"; };
		ABA2BF1D8AFF49C4B2B62049 /* PredictionSwiftTermIntegrationTests.swift */ = {isa = PBXFileReference; lastKnownFileType = sourcecode.swift; path = PredictionSwiftTermIntegrationTests.swift; sourceTree = "<group>"; };
		DC8CB3502052429883BCD547 /* PredictionDisplayPreferenceTests.swift */ = {isa = PBXFileReference; lastKnownFileType = sourcecode.swift; path = PredictionDisplayPreferenceTests.swift; sourceTree = "<group>"; };
		E6A7B8C9DAEB1C2D3E4F5060 /* SwiftTermGrid.swift */ = {isa = PBXFileReference; lastKnownFileType = sourcecode.swift; path = SwiftTermGrid.swift; sourceTree = "<group>"; };

/* Begin PBXFrameworksBuildPhase section */
		A1A1A1A1A1A1A1A1A1A1A1B1 /* Frameworks */ = {
			isa = PBXFrameworksBuildPhase;
			buildActionMask = 2147483647;
			files = (
				E2E2E2E2E2E2E2E2E2E2E301 /* Frameworks/libssh2.xcframework in Frameworks */,
				E2E2E2E2E2E2E2E2E2E2E302 /* Frameworks/libssl.xcframework in Frameworks */,
				E2E2E2E2E2E2E2E2E2E2E303 /* Frameworks/libcrypto.xcframework in Frameworks */,
				8B642FAAC36241C8A9292828 /* libz.tbd in Frameworks */,
				B1B1B1B1B1B1B1B1B1B1B1B3 /* SwiftTerm in Frameworks */,
			);
			runOnlyForDeploymentPostprocessing = 0;
		};
		C1C1C1C1C1C1C1C1C1C1C1F2 /* Frameworks */ = {
			isa = PBXFrameworksBuildPhase;
			buildActionMask = 2147483647;
			files = (
				E2E2E2E2E2E2E2E2E2E2E401 /* Frameworks/libssh2.xcframework in Frameworks */,
				E2E2E2E2E2E2E2E2E2E2E402 /* Frameworks/libssl.xcframework in Frameworks */,
				E2E2E2E2E2E2E2E2E2E2E403 /* Frameworks/libcrypto.xcframework in Frameworks */,
			);
			runOnlyForDeploymentPostprocessing = 0;
		};
/* End PBXFrameworksBuildPhase section */

/* Begin PBXGroup section */
		396C6F53CE964378878FEEB3394366DF /* Crypto */ = {
			isa = PBXGroup;
			children = (
				6C8E1976C64842A78AB3C87C76615FC4 /* OCBSession.swift */,
				F1BB48837A1C4A6A8D7CE93AB5CCACA0 /* OCB */,
			);
			path = Crypto;
			sourceTree = "<group>";
		};
		6D50D474ACBA42F58AB05B63 /* Util */ = {
			isa = PBXGroup;
			children = (
				FF2FAF7BBBD045AEBECA0CE3 /* SessionKey.swift */,
				A5D3691FA6324878BDB61B35 /* SecureRandom.swift */,
				56DD095043A54897BD02CC57 /* Clock.swift */,
				AE9D5D20682C47D79CA035F1 /* SequenceCounter.swift */,
				DB85C401F557476CA36637B7 /* ZlibCodec.swift */,
				9F2A1B3C4D5E6F7081920A1B /* OCBPacketCodec.swift */,
				2FDAD9997C40615B3704A6D2 /* ProtoCodec.swift */,
				E4C5D6F7A8B9C0D1E2F3A4B5 /* DiffMessageCodec.swift */,
				D8E1F2A3B4C5D6E7F8A9B0C3 /* Fragment.swift */,
				A2B3C4D5E6F708192A3B4C5D /* TransportFraming.swift */,
				2966B88DEC24B6A75F059FCB /* UserState.swift */,
				A783EFBE33B5FDD38C1D5DFF /* TransportSender.swift */,
				B8C0F2F5E11B4CF1A8C77E12 /* TransportReceiver.swift */,
			);
			path = Util;
			sourceTree = "<group>";
		};
		A1A1A1A1A1A1A1A1A1A1A1B2 = {
			isa = PBXGroup;
			children = (
				A1A1A1A1A1A1A1A1A1A1A1B3 /* MoshTerminal */,
				C1C1C1C1C1C1C1C1C1C1C1E3 /* MoshTerminalTests */,
				A1A1A1A1A1A1A1A1A1A1A1B4 /* Products */,
				799D328B877F4E8683C00000 /* libz.tbd */,
				E2E2E2E2E2E2E2E2E2E2E300 /* Frameworks/libssh2.xcframework */,
				E2E2E2E2E2E2E2E2E2E2E310 /* Frameworks/libssl.xcframework */,
				E2E2E2E2E2E2E2E2E2E2E320 /* Frameworks/libcrypto.xcframework */,
				3F63A1BE2F28F98800ACE2AA /* .gitignore */,
			);
			sourceTree = "<group>";
		};
		A1A1A1A1A1A1A1A1A1A1A1B3 /* MoshTerminal */ = {
			isa = PBXGroup;
			children = (
				A1A1A1A1A1A1A1A1A1A1A1A2 /* MoshTerminalApp.swift */,
				A1A1A1A1A1A1A1A1A1A1A1A4 /* AppEnvironment.swift */,
				A1A1A1A1A1A1A1A1A1A1A1D2 /* AppSettings.swift */,
				A1A1A1A1A1A1A1A1A1A1A1A6 /* AppTheme.swift */,
				A1A1A1A1A1A1A1A1A1A1A1A8 /* HostsListView.swift */,
				F4F4F4F4F4F4F4F4F4F4F407 /* TrustedHostKeysView.swift */,
				E1E1E1E1E1E1E1E1E1E1E1A2 /* HostEditorView.swift */,
				D1D1D1D1D1D1D1D1D1D1D1E1 /* KeyManagementView.swift */,
				A1A1A1A1A1A1A1A1A1A1A1AA /* SettingsView.swift */,
				A1A1A1A1A1A1A1A1A1A1A1F0 /* TipJarView.swift */,
				A1A1A1A1A1A1A1A1A1A1A1F1 /* TipJarStore.swift */,
				A1A1A1A1A1A1A1A1A1A1A1C0 /* LicensesView.swift */,
			A1A1A1A1A1A1A1A1A1A1A1E0 /* AboutView.swift */,
				89E508C0249C443DB5EBB2E5 /* Licenses.swift */,
				A1A1A1A1A1A1A1A1A1A1A1AC /* TerminalView.swift */,
				C0C0C0C0C0C0C0C0C0C0C0C1 /* StableTerminalView.swift */,
				F3F3F3F3F3F3F3F3F3F3F301 /* TerminalSessionController.swift */,
				F3F3F3F3F3F3F3F3F3F3F302 /* TerminalSessionDependencies.swift */,
				F3F3F3F3F3F3F3F3F3F3F303 /* TerminalSessionViewModel.swift */,
				C6EC9BE9B0064F3AA5527163 /* LibSSH2AvailabilityGuard.swift */,
				F4F4F4F4F4F4F4F4F4F4F406 /* MoshClientCore */,
				F2F2F2F2F2F2F2F2F2F2F2A3 /* Services */,
				C1C1C1C1C1C1C1C1C1C1C1E1 /* Model */,
				C1C1C1C1C1C1C1C1C1C1C1E2 /* Persistence */,
				D1D1D1D1D1D1D1D1D1D1D1E4 /* Security */,
				A1A1A1A1A1A1A1A1A1A1A1AE /* Assets.xcassets */,
				A1A1A1A1A1A1A1A1A1A1A1AF /* Info.plist */,
				F6F6F6F6F6F6F6F6F6F6F6F6 /* PrivacyInfo.xcprivacy */,
				F789644648F649058124AEA475E31280 /* Bridging-Header.h */,
				D1D1D1D1D1D1D1D1D1E6 /* Prediction */,
			);
			path = MoshTerminal;
			sourceTree = "<group>";
		};
		A1A1A1A1A1A1A1A1A1A1A1B4 /* Products */ = {
			isa = PBXGroup;
			children = (
				A1A1A1A1A1A1A1A1A1A1A1B0 /* MoshTerminal.app */,
				C1C1C1C1C1C1C1C1C1C1C1C5 /* MoshTerminalTests.xctest */,
			);
			path = Products;
			sourceTree = "<group>";
		};
		C1C1C1C1C1C1C1C1C1C1C1E1 /* Model */ = {
			isa = PBXGroup;
			children = (
				C1C1C1C1C1C1C1C1C1C1C1C1 /* HostProfile.swift */,
				F3F3F3F3F3F3F3F3F3F3F309 /* MoshConnectInfo.swift */,
				C1C1C1C1C1C1C1C1C1C1C1C2 /* TrustedHostKey.swift */,
			);
			path = Model;
			sourceTree = "<group>";
		};
		C1C1C1C1C1C1C1C1C1C1C1E2 /* Persistence */ = {
			isa = PBXGroup;
			children = (
					69AEA3EBE6351D74413B5551 /* PersistenceProtocols.swift */,
				C1C1C1C1C1C1C1C1C1C1C1C3 /* JSONStore.swift */,
			);
			path = Persistence;
			sourceTree = "<group>";
		};
		C1C1C1C1C1C1C1C1C1C1C1E3 /* MoshTerminalTests */ = {
			isa = PBXGroup;
			children = (
					D8C7E6A9B4D3F5E2C8A1B3D4 /* MockProtocols.swift */,
				E2E2E2E2E2E2E2E2E2E2E2F1 /* MoshE2EIntegrationTests.swift */,
				C1C1C1C1C1C1C1C1C1C1C1C4 /* JSONStoreTests.swift */,
				1732609AEA2E44D18A29D6C6 /* MoshBootstrapperTests.swift */,
				111671E9D83E43D9A0C0C7D1 /* ConnectionManagerTests.swift */,
				11EB1BDED3FF4596BF25B4BA /* ReconnectBackoffPolicyTests.swift */,
				B77D60C4676C4F66AF196A80 /* RepositoryTests.swift */,
				D1D1D1D1D1D1D1D1D1D1D1E5 /* SSHPrivateKeyValidatorTests.swift */,
				D1D1D1D1D1D1D1D1D1D1D1F1 /* DatagramSocketTests.swift */,
				FCE6ECFFF687451EB1224BE5 /* MoshClientCoreUtilTests.swift */,
				1A4AA31FC73E213299AA30FE /* TransportSenderTests.swift */,
				A7E6B7A2F6F14E3F9C1C2D3E /* MoshRuntimeKeepaliveTests.swift */,
				7EE2D1DEB21FDD85BA3FEB12 /* PacketCodecTests.swift */,
				5887890B1C9820791F281160 /* ProtoCodecTests.swift */,
				B1A8B741D64E26414BB742D3 /* PredictionParserTests.swift */,
				B8C2D3E4F5061728394A5C6D /* PredictionEngineInputTests.swift */,
					ABA2BF1D8AFF49C4B2B62049 /* PredictionSwiftTermIntegrationTests.swift */,
					DC8CB3502052429883BCD547 /* PredictionDisplayPreferenceTests.swift */,
			);
			path = MoshTerminalTests;
			sourceTree = "<group>";
		};
		D1D1D1D1D1D1D1D1D1D1D1E4 /* Security */ = {
			isa = PBXGroup;
			children = (
				D1D1D1D1D1D1D1D1D1D1D1E2 /* KeychainPrivateKeyStore.swift */,
				D1D1D1D1D1D1D1D1D1D1D1E3 /* SSHPrivateKeyValidator.swift */,
			);
			path = Security;
			sourceTree = "<group>";
		};
		D1D1D1D1D1D1D1D1D1E6 /* Prediction */ = {
			isa = PBXGroup;
			children = (
				0E5FFD33619139ECCC9FB385 /* PredictionDisplayPreference.swift */,
				FCE78E87B9E1FF341CAD0FF4 /* PredictionEngine.swift */,
				00D46DFF6BDDCC5589FF6015 /* PredictionNetworkSnapshot.swift */,
				D4609DFDF5DBC2A1B5B2A929 /* PredictionRenderModel.swift */,
				A7C1B2D3E4F5061728394A5B /* PredictionTypes.swift */,
				55D028B53B4ADD8F933C8186 /* TerminalPredictionCoordinator.swift */,
				E6A7B8C9DAEB1C2D3E4F5060 /* SwiftTermGrid.swift */,
				E9F602CD462F813F5C2A5B49 /* UTF8ByteParser.swift */,
				A8D2E3F4B5C6D7E8F90A1B2C /* PredictionOverlayView.swift */,
			);
			path = Prediction;
			sourceTree = "<group>";
		};
		F1BB48837A1C4A6A8D7CE93AB5CCACA0 /* OCB */ = {
			isa = PBXGroup;
			children = (
				3E47DE56953F47C29E0893B8CDD69708 /* ocb.c */,
				2CF4BD2B2A5946CF9F9B9FD50BC3AF01 /* ae.h */,
			);
			path = OCB;
			sourceTree = "<group>";
		};
		F2F2F2F2F2F2F2F2F2F2F2A3 /* Services */ = {
			isa = PBXGroup;
			children = (
					AE0E283BFD9806556F900C6A /* ServiceProtocols.swift */,
				F2F2F2F2F2F2F2F2F2F2F2A1 /* AppLifecycleService.swift */,
				F2F2F2F2F2F2F2F2F2F2F2A2 /* NetworkPathService.swift */,
				F2F2F2F2F2F2F2F2F2F2F2C1 /* DatagramSocket.swift */,
				F2F2F2F2F2F2F2F2F2F2F2C2 /* RoamingDatagramSocket.swift */,
				419F6FB9E4C14697A66F8256 /* ConnectionFailure.swift */,
				F2F2F2F2F2F2F2F2F2F2F2A4 /* ConnectionManager.swift */,
				2DF9C3DDFEAB48459B4BB3FB /* ReconnectBackoff.swift */,
				F3F3F3F3F3F3F3F3F3F3F305 /* MoshBootstrapper.swift */,
				F3F3F3F3F3F3F3F3F3F3F307 /* MoshEngine.swift */,
				F3F3F3F3F3F3F3F3F3F3F306 /* MoshClientEngine.swift */,
				F4F4F4F4F4F4F4F4F4F4F401 /* NativeMoshEngine.swift */,
				F4F4F4F4F4F4F4F4F4F4F409 /* MoshRuntime.swift */,
				F3F3F3F3F3F3F3F3F3F3F304 /* LoopbackMoshEngine.swift */,
				E2E2E2E2E2E2E2E2E2E2E2B1 /* SSHClient.swift */,
				E2E2E2E2E2E2E2E2E2E2E2B2 /* SSHHostKeyVerifier.swift */,
				E2E2E2E2E2E2E2E2E2E2E2B4 /* LibSSH2Client.swift */,
				F3F3F3F3F3F3F3F3F3F3F308 /* UnavailableMoshEngine.swift */,
				E2E2E2E2E2E2E2E2E2E2E2B3 /* UnavailableSSHClient.swift */,
			);
			path = Services;
			sourceTree = "<group>";
		};
		F4F4F4F4F4F4F4F4F4F4F406 /* MoshClientCore */ = {
			isa = PBXGroup;
			children = (
				F4F4F4F4F4F4F4F4F4F4F405 /* README.md */,
				396C6F53CE964378878FEEB3394366DF /* Crypto */,
				6D50D474ACBA42F58AB05B63 /* Util */,
				F4F4F4F4F4F4F4F4F4F4F403 /* MoshCoreRuntime.swift */,
			);
			path = MoshClientCore;
			sourceTree = "<group>";
		};
/* End PBXGroup section */

/* Begin PBXNativeTarget section */
		A1A1A1A1A1A1A1A1A1A1A1B5 /* MoshTerminal */ = {
			isa = PBXNativeTarget;
			buildConfigurationList = A1A1A1A1A1A1A1A1A1A1A1B6 /* Build configuration list for PBXNativeTarget "MoshTerminal" */;
			buildPhases = (
				A1A1A1A1A1A1A1A1A1A1A1B7 /* Sources */,
				A1A1A1A1A1A1A1A1A1A1A1B8 /* Resources */,
				A1A1A1A1A1A1A1A1A1A1A1B1 /* Frameworks */,
			);
			buildRules = (
			);
			dependencies = (
			);
			name = MoshTerminal;
			packageProductDependencies = (
				B1B1B1B1B1B1B1B1B1B1B1B2 /* SwiftTerm */,
			);
			productName = MoshTerminal;
			productReference = A1A1A1A1A1A1A1A1A1A1A1B0 /* MoshTerminal.app */;
			productType = "com.apple.product-type.application";
		};
		C1C1C1C1C1C1C1C1C1C1C1F4 /* MoshTerminalTests */ = {
			isa = PBXNativeTarget;
			buildConfigurationList = C1C1C1C1C1C1C1C1C1C1C1F7 /* Build configuration list for PBXNativeTarget "MoshTerminalTests" */;
			buildPhases = (
				C1C1C1C1C1C1C1C1C1C1C1F1 /* Sources */,
				C1C1C1C1C1C1C1C1C1C1C1F3 /* Resources */,
				C1C1C1C1C1C1C1C1C1C1C1F2 /* Frameworks */,
			);
			buildRules = (
			);
			dependencies = (
				C1C1C1C1C1C1C1C1C1C1C1F5 /* PBXTargetDependency */,
			);
			name = MoshTerminalTests;
			productName = MoshTerminalTests;
			productReference = C1C1C1C1C1C1C1C1C1C1C1C5 /* MoshTerminalTests.xctest */;
			productType = "com.apple.product-type.bundle.unit-test";
		};
/* End PBXNativeTarget section */

/* Begin PBXProject section */
		A1A1A1A1A1A1A1A1A1A1A1B9 /* Project object */ = {
			isa = PBXProject;
			attributes = {
				BuildIndependentTargetsInParallel = 1;
				LastSwiftUpdateCheck = 1600;
				LastUpgradeCheck = 2620;
				TargetAttributes = {
					A1A1A1A1A1A1A1A1A1A1A1B5 = {
						CreatedOnToolsVersion = 16.0;
					};
					C1C1C1C1C1C1C1C1C1C1C1F4 = {
						CreatedOnToolsVersion = 16.0;
					};
				};
			};
			buildConfigurationList = A1A1A1A1A1A1A1A1A1A1A1BA /* Build configuration list for PBXProject "MoshTerminal" */;
			compatibilityVersion = "Xcode 16.0";
			developmentRegion = en;
			hasScannedForEncodings = 0;
			knownRegions = (
				en,
				Base,
			);
			mainGroup = A1A1A1A1A1A1A1A1A1A1A1B2;
			packageReferences = (
				B1B1B1B1B1B1B1B1B1B1B1B1 /* XCRemoteSwiftPackageReference "SwiftTerm" */,
			);
			productRefGroup = A1A1A1A1A1A1A1A1A1A1A1B4 /* Products */;
			projectDirPath = "";
			projectRoot = "";
			targets = (
				A1A1A1A1A1A1A1A1A1A1A1B5 /* MoshTerminal */,
				C1C1C1C1C1C1C1C1C1C1C1F4 /* MoshTerminalTests */,
			);
		};
/* End PBXProject section */

/* Begin PBXResourcesBuildPhase section */
		A1A1A1A1A1A1A1A1A1A1A1B8 /* Resources */ = {
			isa = PBXResourcesBuildPhase;
			buildActionMask = 2147483647;
			files = (
				A1A1A1A1A1A1A1A1A1A1A1AD /* Assets.xcassets in Resources */,
				F6F6F6F6F6F6F6F6F6F6F6F7 /* PrivacyInfo.xcprivacy in Resources */,
			);
			runOnlyForDeploymentPostprocessing = 0;
		};
		C1C1C1C1C1C1C1C1C1C1C1F3 /* Resources */ = {
			isa = PBXResourcesBuildPhase;
			buildActionMask = 2147483647;
			files = (
			);
			runOnlyForDeploymentPostprocessing = 0;
		};
/* End PBXResourcesBuildPhase section */

/* Begin PBXSourcesBuildPhase section */
		A1A1A1A1A1A1A1A1A1A1A1B7 /* Sources */ = {
			isa = PBXSourcesBuildPhase;
			buildActionMask = 2147483647;
			files = (
				A1A1A1A1A1A1A1A1A1A1A1A1 /* MoshTerminalApp.swift in Sources */,
				A1A1A1A1A1A1A1A1A1A1A1A3 /* AppEnvironment.swift in Sources */,
				A1A1A1A1A1A1A1A1A1A1A1D1 /* AppSettings.swift in Sources */,
				A1A1A1A1A1A1A1A1A1A1A1A5 /* AppTheme.swift in Sources */,
				A1A1A1A1A1A1A1A1A1A1A1A7 /* HostsListView.swift in Sources */,
				F4F4F4F4F4F4F4F4F4F4F408 /* TrustedHostKeysView.swift in Sources */,
				E1E1E1E1E1E1E1E1E1E1E1A1 /* HostEditorView.swift in Sources */,
				D1D1D1D1D1D1D1D1D1D1D1D1 /* KeyManagementView.swift in Sources */,
				A1A1A1A1A1A1A1A1A1A1A1A9 /* SettingsView.swift in Sources */,
				A1A1A1A1A1A1A1A1A1A1A1F3 /* TipJarView.swift in Sources */,
				A1A1A1A1A1A1A1A1A1A1A1F2 /* TipJarStore.swift in Sources */,
				A1A1A1A1A1A1A1A1A1A1A1C1 /* LicensesView.swift in Sources */,
				A1A1A1A1A1A1A1A1A1A1A1E1 /* AboutView.swift in Sources */,
				74BCF1FED6F14F2BB1B9A388 /* Licenses.swift in Sources */,
				A1A1A1A1A1A1A1A1A1A1A1AB /* TerminalView.swift in Sources */,
				C0C0C0C0C0C0C0C0C0C0C0C2 /* StableTerminalView.swift in Sources */,
				F3F3F3F3F3F3F3F3F3F3F3B1 /* TerminalSessionController.swift in Sources */,
				F3F3F3F3F3F3F3F3F3F3F3B2 /* TerminalSessionDependencies.swift in Sources */,
				F3F3F3F3F3F3F3F3F3F3F3B3 /* TerminalSessionViewModel.swift in Sources */,
				F2F2F2F2F2F2F2F2F2F2F2B1 /* AppLifecycleService.swift in Sources */,
				15D11F6E97289100FA789857 /* ServiceProtocols.swift in Sources */,
				F2F2F2F2F2F2F2F2F2F2F2B2 /* NetworkPathService.swift in Sources */,
				F2F2F2F2F2F2F2F2F2F2F2D1 /* DatagramSocket.swift in Sources */,
				F2F2F2F2F2F2F2F2F2F2F2D2 /* RoamingDatagramSocket.swift in Sources */,
				57FDDBAD7F1848398CD3BA4A /* ConnectionFailure.swift in Sources */,
				F2F2F2F2F2F2F2F2F2F2F2B3 /* ConnectionManager.swift in Sources */,
				67ADC61164BA4F348F78265D /* ReconnectBackoff.swift in Sources */,
				F3F3F3F3F3F3F3F3F3F3F3B5 /* MoshBootstrapper.swift in Sources */,
				F3F3F3F3F3F3F3F3F3F3F3B7 /* MoshEngine.swift in Sources */,
				F3F3F3F3F3F3F3F3F3F3F3B6 /* MoshClientEngine.swift in Sources */,
				F4F4F4F4F4F4F4F4F4F4F402 /* NativeMoshEngine.swift in Sources */,
				F4F4F4F4F4F4F4F4F4F4F40A /* MoshRuntime.swift in Sources */,
				F3F3F3F3F3F3F3F3F3F3F3B4 /* LoopbackMoshEngine.swift in Sources */,
				F3F3F3F3F3F3F3F3F3F3F3B8 /* UnavailableMoshEngine.swift in Sources */,
				E2E2E2E2E2E2E2E2E2E2E2A1 /* SSHClient.swift in Sources */,
				E2E2E2E2E2E2E2E2E2E2E2A2 /* SSHHostKeyVerifier.swift in Sources */,
				E2E2E2E2E2E2E2E2E2E2E2A4 /* LibSSH2Client.swift in Sources */,
				96B5DE7DFCC74C1CA7380C01 /* LibSSH2AvailabilityGuard.swift in Sources */,
				E2E2E2E2E2E2E2E2E2E2E2A3 /* UnavailableSSHClient.swift in Sources */,
				C1C1C1C1C1C1C1C1C1C1C1D1 /* HostProfile.swift in Sources */,
				F3F3F3F3F3F3F3F3F3F3F3B9 /* MoshConnectInfo.swift in Sources */,
				F4F4F4F4F4F4F4F4F4F4F404 /* MoshCoreRuntime.swift in Sources */,
				71F7D6297183487F830FC4C8E9059E40 /* OCBSession.swift in Sources */,
				6236D715578A483DB1E53A393712121A /* ocb.c in Sources */,
				DE63ADE7C9F14E50B62404BD /* SessionKey.swift in Sources */,
				1FCDB2638DAB4482A4E0C51E /* SecureRandom.swift in Sources */,
				C6C5AC7DCA2D4F87BD29A109 /* Clock.swift in Sources */,
				7B0AFDBF3A214D958A626557 /* SequenceCounter.swift in Sources */,
				B3EDDFB29DFA4D4D967C87BB /* ZlibCodec.swift in Sources */,
				1B2C3D4E5F60718293A4B5C6 /* OCBPacketCodec.swift in Sources */,
				EB52B07CD023C7F74660A5E0 /* ProtoCodec.swift in Sources */,
				E4C5D6F7A8B9C0D1E2F3A4B6 /* DiffMessageCodec.swift in Sources */,
				D8E1F2A3B4C5D6E7F8A9B0C2 /* Fragment.swift in Sources */,
				A2B3C4D5E6F708192A3B4C5E /* TransportFraming.swift in Sources */,
				B38F9196699ECA6BB670B17D /* UserState.swift in Sources */,
				3661D96F71E9D2ACB955FE0E /* TransportSender.swift in Sources */,
				C0D1E2F3A4B5C6D7E8F90123 /* TransportReceiver.swift in Sources */,
				C1C1C1C1C1C1C1C1C1C1C1D2 /* TrustedHostKey.swift in Sources */,
				7B310FCE8CF2EAC0734C19C5 /* PersistenceProtocols.swift in Sources */,
				C1C1C1C1C1C1C1C1C1C1C1D3 /* JSONStore.swift in Sources */,
				D1D1D1D1D1D1D1D1D1D1D1D2 /* KeychainPrivateKeyStore.swift in Sources */,
				D1D1D1D1D1D1D1D1D1D1D1D3 /* SSHPrivateKeyValidator.swift in Sources */,
				E1A2B3C4D5E6F708192A3B4C /* PredictionDisplayPreference.swift in Sources */,
				E2A3B4C5D6E7F8091A2B3C4D /* PredictionEngine.swift in Sources */,
				E3A4B5C6D7E8F90A1B2C3D4E /* PredictionNetworkSnapshot.swift in Sources */,
				E4A5B6C7D8E9F01B2C3D4E5F /* PredictionRenderModel.swift in Sources */,
				E5A6B7C8D9EA0B1C2D3E4F50 /* TerminalPredictionCoordinator.swift in Sources */,
				E6A7B8C9DAEB1C2D3E4F5061 /* SwiftTermGrid.swift in Sources */,
				C9D3E4F5061728394A5B6C7D /* PredictionTypes.swift in Sources */,
				7CE682975440393D8B27D9A8 /* UTF8ByteParser.swift in Sources */,
				B0E3F4A5C6D7E8F90A1B2C3D /* PredictionOverlayView.swift in Sources */,
			);
			runOnlyForDeploymentPostprocessing = 0;
		};
		C1C1C1C1C1C1C1C1C1C1C1F1 /* Sources */ = {
			isa = PBXSourcesBuildPhase;
			buildActionMask = 2147483647;
			files = (
				E2E2E2E2E2E2E2E2E2E2E2F2 /* MoshE2EIntegrationTests.swift in Sources */,
				C1C1C1C1C1C1C1C1C1C1C1D4 /* JSONStoreTests.swift in Sources */,
				A9F2CF4273AA43B8A220FD35 /* MoshBootstrapperTests.swift in Sources */,
				B656783C53F748E3B8A84134 /* ConnectionManagerTests.swift in Sources */,
				BCF918674E6143BCB7E14C5C /* ReconnectBackoffPolicyTests.swift in Sources */,
				1452E163F5D344E295B6A360 /* RepositoryTests.swift in Sources */,
				D1D1D1D1D1D1D1D1D1D1D1D4 /* SSHPrivateKeyValidatorTests.swift in Sources */,
				D1D1D1D1D1D1D1D1D1D1D1F2 /* DatagramSocketTests.swift in Sources */,
				0FE22A9F977F4DE5866962DB /* MoshClientCoreUtilTests.swift in Sources */,
				1AB459535CE46863FA6D7E24 /* TransportSenderTests.swift in Sources */,
				A7E6B7A2F6F14E3F9C1C2D3F /* MoshRuntimeKeepaliveTests.swift in Sources */,
				810FCC2B47F82E36AE63CB27 /* PacketCodecTests.swift in Sources */,
				33D9F5CF57D872FF5F8A655D /* ProtoCodecTests.swift in Sources */,
				7F260B101DBF8462D9057D25 /* PredictionParserTests.swift in Sources */,
				D0E4F5061728394A5B6C7E8F /* PredictionEngineInputTests.swift in Sources */,
					BC945E7D48B544DFB0A5050 /* PredictionSwiftTermIntegrationTests.swift in Sources */,
					1776D11099F64422A24D0357 /* PredictionDisplayPreferenceTests.swift in Sources */,
			);
			runOnlyForDeploymentPostprocessing = 0;
		};
/* End PBXSourcesBuildPhase section */

/* Begin PBXTargetDependency section */
		C1C1C1C1C1C1C1C1C1C1C1F5 /* PBXTargetDependency */ = {
			isa = PBXTargetDependency;
			target = A1A1A1A1A1A1A1A1A1A1A1B5 /* MoshTerminal */;
			targetProxy = C1C1C1C1C1C1C1C1C1C1C1F6 /* PBXContainerItemProxy */;
		};
/* End PBXTargetDependency section */

/* Begin XCBuildConfiguration section */
		A1A1A1A1A1A1A1A1A1A1A1BB /* Debug */ = {
			isa = XCBuildConfiguration;
			buildSettings = {
				ALWAYS_SEARCH_USER_PATHS = NO;
				ASSETCATALOG_COMPILER_APPICON_NAME = AppIcon;
				CLANG_ENABLE_MODULES = YES;
				CLANG_ENABLE_OBJC_WEAK = YES;
				CLANG_WARN_QUOTED_INCLUDE_IN_FRAMEWORK_HEADER = YES;
				CODE_SIGN_STYLE = Automatic;
				CURRENT_PROJECT_VERSION = 1;
				DEVELOPMENT_TEAM = JVMXE5G542;
				ENABLE_PREVIEWS = YES;
				GENERATE_INFOPLIST_FILE = NO;
				"HEADER_SEARCH_PATHS[sdk=iphoneos*]" = (
					"$(inherited)",
					"$(SRCROOT)/Frameworks/libssh2.xcframework/ios-arm64/Headers",
				);
				"HEADER_SEARCH_PATHS[sdk=iphonesimulator*]" = (
					"$(inherited)",
					"$(SRCROOT)/Frameworks/libssh2.xcframework/ios-arm64_x86_64-simulator/Headers",
				);
				INFOPLIST_FILE = MoshTerminal/Info.plist;
				IPHONEOS_DEPLOYMENT_TARGET = 17.0;
				LD_RUNPATH_SEARCH_PATHS = (
					"$(inherited)",
					"@executable_path/Frameworks",
				);
				MARKETING_VERSION = 1.0;
				"OTHER_CFLAGS[sdk=iphoneos*]" = (
					"$(inherited)",
					"-fmodule-map-file=$(SRCROOT)/MoshTerminal/Dependencies/libssh2-ios.modulemap",
				);
				"OTHER_CFLAGS[sdk=iphonesimulator*]" = (
					"$(inherited)",
					"-fmodule-map-file=$(SRCROOT)/MoshTerminal/Dependencies/libssh2-sim.modulemap",
				);
				"OTHER_SWIFT_FLAGS[sdk=iphoneos*]" = "$(inherited) -Xcc -fmodule-map-file=$(SRCROOT)/MoshTerminal/Dependencies/libssh2-ios.modulemap";
				"OTHER_SWIFT_FLAGS[sdk=iphonesimulator*]" = "$(inherited) -Xcc -fmodule-map-file=$(SRCROOT)/MoshTerminal/Dependencies/libssh2-sim.modulemap";
				PRODUCT_BUNDLE_IDENTIFIER = com.scalingforever.MoshTerminal;
				PRODUCT_NAME = "$(TARGET_NAME)";
				SDKROOT = iphoneos;
				SWIFT_ACTIVE_COMPILATION_CONDITIONS = "$(inherited) LIBSSH2_AVAILABLE";
				SWIFT_EMIT_LOC_STRINGS = YES;
				SWIFT_OBJC_BRIDGING_HEADER = "MoshTerminal/Bridging-Header.h";
				SWIFT_OPTIMIZATION_LEVEL = "-Onone";
				SWIFT_VERSION = 5.0;
				TARGETED_DEVICE_FAMILY = "1,2";
			};
			name = Debug;
		};
		A1A1A1A1A1A1A1A1A1A1A1BC /* Release */ = {
			isa = XCBuildConfiguration;
			buildSettings = {
				ALWAYS_SEARCH_USER_PATHS = NO;
				ASSETCATALOG_COMPILER_APPICON_NAME = AppIcon;
				CLANG_ENABLE_MODULES = YES;
				CLANG_ENABLE_OBJC_WEAK = YES;
				CLANG_WARN_QUOTED_INCLUDE_IN_FRAMEWORK_HEADER = YES;
				CODE_SIGN_STYLE = Automatic;
				CURRENT_PROJECT_VERSION = 1;
				DEVELOPMENT_TEAM = JVMXE5G542;
				ENABLE_PREVIEWS = YES;
				GENERATE_INFOPLIST_FILE = NO;
				"HEADER_SEARCH_PATHS[sdk=iphoneos*]" = (
					"$(inherited)",
					"$(SRCROOT)/Frameworks/libssh2.xcframework/ios-arm64/Headers",
				);
				"HEADER_SEARCH_PATHS[sdk=iphonesimulator*]" = (
					"$(inherited)",
					"$(SRCROOT)/Frameworks/libssh2.xcframework/ios-arm64_x86_64-simulator/Headers",
				);
				INFOPLIST_FILE = MoshTerminal/Info.plist;
				IPHONEOS_DEPLOYMENT_TARGET = 17.0;
				LD_RUNPATH_SEARCH_PATHS = (
					"$(inherited)",
					"@executable_path/Frameworks",
				);
				MARKETING_VERSION = 1.0;
				"OTHER_CFLAGS[sdk=iphoneos*]" = (
					"$(inherited)",
					"-fmodule-map-file=$(SRCROOT)/MoshTerminal/Dependencies/libssh2-ios.modulemap",
				);
				"OTHER_CFLAGS[sdk=iphonesimulator*]" = (
					"$(inherited)",
					"-fmodule-map-file=$(SRCROOT)/MoshTerminal/Dependencies/libssh2-sim.modulemap",
				);
				"OTHER_SWIFT_FLAGS[sdk=iphoneos*]" = "$(inherited) -Xcc -fmodule-map-file=$(SRCROOT)/MoshTerminal/Dependencies/libssh2-ios.modulemap";
				"OTHER_SWIFT_FLAGS[sdk=iphonesimulator*]" = "$(inherited) -Xcc -fmodule-map-file=$(SRCROOT)/MoshTerminal/Dependencies/libssh2-sim.modulemap";
				PRODUCT_BUNDLE_IDENTIFIER = com.scalingforever.MoshTerminal;
				PRODUCT_NAME = "$(TARGET_NAME)";
				SDKROOT = iphoneos;
				SWIFT_ACTIVE_COMPILATION_CONDITIONS = "$(inherited) LIBSSH2_AVAILABLE";
				SWIFT_EMIT_LOC_STRINGS = YES;
				SWIFT_OBJC_BRIDGING_HEADER = "MoshTerminal/Bridging-Header.h";
				SWIFT_VERSION = 5.0;
				TARGETED_DEVICE_FAMILY = "1,2";
			};
			name = Release;
		};
		A1A1A1A1A1A1A1A1A1A1A1BD /* Debug */ = {
			isa = XCBuildConfiguration;
			buildSettings = {
				CLANG_WARN_BLOCK_CAPTURE_AUTORELEASING = YES;
				CLANG_WARN_BOOL_CONVERSION = YES;
				CLANG_WARN_COMMA = YES;
				CLANG_WARN_CONSTANT_CONVERSION = YES;
				CLANG_WARN_DEPRECATED_OBJC_IMPLEMENTATIONS = YES;
				CLANG_WARN_EMPTY_BODY = YES;
				CLANG_WARN_ENUM_CONVERSION = YES;
				CLANG_WARN_INFINITE_RECURSION = YES;
				CLANG_WARN_INT_CONVERSION = YES;
				CLANG_WARN_NON_LITERAL_NULL_CONVERSION = YES;
				CLANG_WARN_OBJC_IMPLICIT_RETAIN_SELF = YES;
				CLANG_WARN_OBJC_LITERAL_CONVERSION = YES;
				CLANG_WARN_QUOTED_INCLUDE_IN_FRAMEWORK_HEADER = YES;
				CLANG_WARN_RANGE_LOOP_ANALYSIS = YES;
				CLANG_WARN_STRICT_PROTOTYPES = YES;
				CLANG_WARN_SUSPICIOUS_MOVE = YES;
				CLANG_WARN_UNREACHABLE_CODE = YES;
				CLANG_WARN__DUPLICATE_METHOD_MATCH = YES;
				CODE_SIGN_STYLE = Automatic;
				CURRENT_PROJECT_VERSION = 1;
				DEAD_CODE_STRIPPING = YES;
				DEVELOPMENT_TEAM = JVMXE5G542;
				ENABLE_STRICT_OBJC_MSGSEND = YES;
				ENABLE_TESTABILITY = YES;
				ENABLE_USER_SCRIPT_SANDBOXING = YES;
				GCC_NO_COMMON_BLOCKS = YES;
				GCC_WARN_64_TO_32_BIT_CONVERSION = YES;
				GCC_WARN_ABOUT_RETURN_TYPE = YES;
				GCC_WARN_UNDECLARED_SELECTOR = YES;
				GCC_WARN_UNINITIALIZED_AUTOS = YES;
				GCC_WARN_UNUSED_FUNCTION = YES;
				GCC_WARN_UNUSED_VARIABLE = YES;
				IPHONEOS_DEPLOYMENT_TARGET = 17.0;
				MARKETING_VERSION = 1.0;
				ONLY_ACTIVE_ARCH = YES;
				PRODUCT_BUNDLE_IDENTIFIER = com.scalingforever.MoshTerminal;
				STRING_CATALOG_GENERATE_SYMBOLS = YES;
				SWIFT_VERSION = 5.0;
				TARGETED_DEVICE_FAMILY = "1,2";
			};
			name = Debug;
		};
		A1A1A1A1A1A1A1A1A1A1A1BE /* Release */ = {
			isa = XCBuildConfiguration;
			buildSettings = {
				CLANG_WARN_BLOCK_CAPTURE_AUTORELEASING = YES;
				CLANG_WARN_BOOL_CONVERSION = YES;
				CLANG_WARN_COMMA = YES;
				CLANG_WARN_CONSTANT_CONVERSION = YES;
				CLANG_WARN_DEPRECATED_OBJC_IMPLEMENTATIONS = YES;
				CLANG_WARN_EMPTY_BODY = YES;
				CLANG_WARN_ENUM_CONVERSION = YES;
				CLANG_WARN_INFINITE_RECURSION = YES;
				CLANG_WARN_INT_CONVERSION = YES;
				CLANG_WARN_NON_LITERAL_NULL_CONVERSION = YES;
				CLANG_WARN_OBJC_IMPLICIT_RETAIN_SELF = YES;
				CLANG_WARN_OBJC_LITERAL_CONVERSION = YES;
				CLANG_WARN_QUOTED_INCLUDE_IN_FRAMEWORK_HEADER = YES;
				CLANG_WARN_RANGE_LOOP_ANALYSIS = YES;
				CLANG_WARN_STRICT_PROTOTYPES = YES;
				CLANG_WARN_SUSPICIOUS_MOVE = YES;
				CLANG_WARN_UNREACHABLE_CODE = YES;
				CLANG_WARN__DUPLICATE_METHOD_MATCH = YES;
				CODE_SIGN_STYLE = Automatic;
				CURRENT_PROJECT_VERSION = 1;
				DEAD_CODE_STRIPPING = YES;
				DEVELOPMENT_TEAM = JVMXE5G542;
				ENABLE_STRICT_OBJC_MSGSEND = YES;
				ENABLE_USER_SCRIPT_SANDBOXING = YES;
				GCC_NO_COMMON_BLOCKS = YES;
				GCC_WARN_64_TO_32_BIT_CONVERSION = YES;
				GCC_WARN_ABOUT_RETURN_TYPE = YES;
				GCC_WARN_UNDECLARED_SELECTOR = YES;
				GCC_WARN_UNINITIALIZED_AUTOS = YES;
				GCC_WARN_UNUSED_FUNCTION = YES;
				GCC_WARN_UNUSED_VARIABLE = YES;
				IPHONEOS_DEPLOYMENT_TARGET = 17.0;
				MARKETING_VERSION = 1.0;
				PRODUCT_BUNDLE_IDENTIFIER = com.scalingforever.MoshTerminal;
				STRING_CATALOG_GENERATE_SYMBOLS = YES;
				SWIFT_COMPILATION_MODE = wholemodule;
				SWIFT_VERSION = 5.0;
				TARGETED_DEVICE_FAMILY = "1,2";
			};
			name = Release;
		};
		C1C1C1C1C1C1C1C1C1C1C1F8 /* Debug */ = {
			isa = XCBuildConfiguration;
			buildSettings = {
				ALWAYS_SEARCH_USER_PATHS = NO;
				BUNDLE_LOADER = "$(TEST_HOST)";
				CLANG_ENABLE_MODULES = YES;
				CODE_SIGN_STYLE = Automatic;
				DEVELOPMENT_TEAM = JVMXE5G542;
				GENERATE_INFOPLIST_FILE = YES;
				"HEADER_SEARCH_PATHS[sdk=iphoneos*]" = (
					"$(inherited)",
					"$(SRCROOT)/Frameworks/libssh2.xcframework/ios-arm64/Headers",
				);
				"HEADER_SEARCH_PATHS[sdk=iphonesimulator*]" = (
					"$(inherited)",
					"$(SRCROOT)/Frameworks/libssh2.xcframework/ios-arm64_x86_64-simulator/Headers",
				);
				IPHONEOS_DEPLOYMENT_TARGET = 17.0;
				LD_RUNPATH_SEARCH_PATHS = (
					"$(inherited)",
					"@executable_path/Frameworks",
					"@loader_path/Frameworks",
				);
				"OTHER_CFLAGS[sdk=iphoneos*]" = (
					"$(inherited)",
					"-fmodule-map-file=$(SRCROOT)/MoshTerminal/Dependencies/libssh2-ios.modulemap",
				);
				"OTHER_CFLAGS[sdk=iphonesimulator*]" = (
					"$(inherited)",
					"-fmodule-map-file=$(SRCROOT)/MoshTerminal/Dependencies/libssh2-sim.modulemap",
				);
				"OTHER_SWIFT_FLAGS[sdk=iphoneos*]" = "$(inherited) -Xcc -fmodule-map-file=$(SRCROOT)/MoshTerminal/Dependencies/libssh2-ios.modulemap";
				"OTHER_SWIFT_FLAGS[sdk=iphonesimulator*]" = "$(inherited) -Xcc -fmodule-map-file=$(SRCROOT)/MoshTerminal/Dependencies/libssh2-sim.modulemap";
				PRODUCT_BUNDLE_IDENTIFIER = com.scalingforever.MoshTerminalTests;
				PRODUCT_NAME = "$(TARGET_NAME)";
				SDKROOT = iphoneos;
				SWIFT_ACTIVE_COMPILATION_CONDITIONS = "$(inherited) LIBSSH2_AVAILABLE";
				SWIFT_OPTIMIZATION_LEVEL = "-Onone";
				SWIFT_VERSION = 5.0;
				TEST_HOST = "$(BUILT_PRODUCTS_DIR)/MoshTerminal.app/MoshTerminal";
			};
			name = Debug;
		};
		C1C1C1C1C1C1C1C1C1C1C1F9 /* Release */ = {
			isa = XCBuildConfiguration;
			buildSettings = {
				ALWAYS_SEARCH_USER_PATHS = NO;
				BUNDLE_LOADER = "$(TEST_HOST)";
				CLANG_ENABLE_MODULES = YES;
				CODE_SIGN_STYLE = Automatic;
				DEVELOPMENT_TEAM = JVMXE5G542;
				GENERATE_INFOPLIST_FILE = YES;
				"HEADER_SEARCH_PATHS[sdk=iphoneos*]" = (
					"$(inherited)",
					"$(SRCROOT)/Frameworks/libssh2.xcframework/ios-arm64/Headers",
				);
				"HEADER_SEARCH_PATHS[sdk=iphonesimulator*]" = (
					"$(inherited)",
					"$(SRCROOT)/Frameworks/libssh2.xcframework/ios-arm64_x86_64-simulator/Headers",
				);
				IPHONEOS_DEPLOYMENT_TARGET = 17.0;
				LD_RUNPATH_SEARCH_PATHS = (
					"$(inherited)",
					"@executable_path/Frameworks",
					"@loader_path/Frameworks",
				);
				"OTHER_CFLAGS[sdk=iphoneos*]" = (
					"$(inherited)",
					"-fmodule-map-file=$(SRCROOT)/MoshTerminal/Dependencies/libssh2-ios.modulemap",
				);
				"OTHER_CFLAGS[sdk=iphonesimulator*]" = (
					"$(inherited)",
					"-fmodule-map-file=$(SRCROOT)/MoshTerminal/Dependencies/libssh2-sim.modulemap",
				);
				"OTHER_SWIFT_FLAGS[sdk=iphoneos*]" = "$(inherited) -Xcc -fmodule-map-file=$(SRCROOT)/MoshTerminal/Dependencies/libssh2-ios.modulemap";
				"OTHER_SWIFT_FLAGS[sdk=iphonesimulator*]" = "$(inherited) -Xcc -fmodule-map-file=$(SRCROOT)/MoshTerminal/Dependencies/libssh2-sim.modulemap";
				PRODUCT_BUNDLE_IDENTIFIER = com.scalingforever.MoshTerminalTests;
				PRODUCT_NAME = "$(TARGET_NAME)";
				SDKROOT = iphoneos;
				SWIFT_ACTIVE_COMPILATION_CONDITIONS = "$(inherited) LIBSSH2_AVAILABLE";
				SWIFT_VERSION = 5.0;
				TEST_HOST = "$(BUILT_PRODUCTS_DIR)/MoshTerminal.app/MoshTerminal";
			};
			name = Release;
		};
/* End XCBuildConfiguration section */

/* Begin XCConfigurationList section */
		A1A1A1A1A1A1A1A1A1A1A1B6 /* Build configuration list for PBXNativeTarget "MoshTerminal" */ = {
			isa = XCConfigurationList;
			buildConfigurations = (
				A1A1A1A1A1A1A1A1A1A1A1BB /* Debug */,
				A1A1A1A1A1A1A1A1A1A1A1BC /* Release */,
			);
			defaultConfigurationIsVisible = 0;
			defaultConfigurationName = Release;
		};
		A1A1A1A1A1A1A1A1A1A1A1BA /* Build configuration list for PBXProject "MoshTerminal" */ = {
			isa = XCConfigurationList;
			buildConfigurations = (
				A1A1A1A1A1A1A1A1A1A1A1BD /* Debug */,
				A1A1A1A1A1A1A1A1A1A1A1BE /* Release */,
			);
			defaultConfigurationIsVisible = 0;
			defaultConfigurationName = Release;
		};
		C1C1C1C1C1C1C1C1C1C1C1F7 /* Build configuration list for PBXNativeTarget "MoshTerminalTests" */ = {
			isa = XCConfigurationList;
			buildConfigurations = (
				C1C1C1C1C1C1C1C1C1C1C1F8 /* Debug */,
				C1C1C1C1C1C1C1C1C1C1C1F9 /* Release */,
			);
			defaultConfigurationIsVisible = 0;
			defaultConfigurationName = Release;
		};
/* End XCConfigurationList section */

/* Begin XCRemoteSwiftPackageReference section */
		B1B1B1B1B1B1B1B1B1B1B1B1 /* XCRemoteSwiftPackageReference "SwiftTerm" */ = {
			isa = XCRemoteSwiftPackageReference;
			repositoryURL = "https://github.com/migueldeicaza/SwiftTerm.git";
			requirement = {
				branch = main;
				kind = branch;
			};
		};
/* End XCRemoteSwiftPackageReference section */

/* Begin XCSwiftPackageProductDependency section */
		B1B1B1B1B1B1B1B1B1B1B1B2 /* SwiftTerm */ = {
			isa = XCSwiftPackageProductDependency;
			package = B1B1B1B1B1B1B1B1B1B1B1B1 /* XCRemoteSwiftPackageReference "SwiftTerm" */;
			productName = SwiftTerm;
		};
/* End XCSwiftPackageProductDependency section */
	};
	rootObject = A1A1A1A1A1A1A1A1A1A1A1B9 /* Project object */;
}
