// !$*UTF8*$!
{
	archiveVersion = 1;
	classes = {
	};
	objectVersion = 71;
	objects = {

/* Begin PBXBuildFile section */
		A1A1A1A1A1A1A1A1A1A1A1A1 /* MoshTerminalApp.swift in Sources */ = {isa = PBXBuildFile; fileRef = A1A1A1A1A1A1A1A1A1A1A1A2 /* MoshTerminalApp.swift */; };
		A1A1A1A1A1A1A1A1A1A1A1A3 /* AppEnvironment.swift in Sources */ = {isa = PBXBuildFile; fileRef = A1A1A1A1A1A1A1A1A1A1A1A4 /* AppEnvironment.swift */; };
		A1A1A1A1A1A1A1A1A1A1A1D1 /* AppSettings.swift in Sources */ = {isa = PBXBuildFile; fileRef = A1A1A1A1A1A1A1A1A1A1A1D2 /* AppSettings.swift */; };
		A1A1A1A1A1A1A1A1A1A1A1A5 /* AppTheme.swift in Sources */ = {isa = PBXBuildFile; fileRef = A1A1A1A1A1A1A1A1A1A1A1A6 /* AppTheme.swift */; };
		A1A1A1A1A1A1A1A1A1A1A1A7 /* HostsListView.swift in Sources */ = {isa = PBXBuildFile; fileRef = A1A1A1A1A1A1A1A1A1A1A1A8 /* HostsListView.swift */; };
		F4F4F4F4F4F4F4F4F4F4F408 /* TrustedHostKeysView.swift in Sources */ = {isa = PBXBuildFile; fileRef = F4F4F4F4F4F4F4F4F4F4F407 /* TrustedHostKeysView.swift */; };
		E1E1E1E1E1E1E1E1E1E1E1A1 /* HostEditorView.swift in Sources */ = {isa = PBXBuildFile; fileRef = E1E1E1E1E1E1E1E1E1E1E1A2 /* HostEditorView.swift */; };
		A1A1A1A1A1A1A1A1A1A1A1A9 /* SettingsView.swift in Sources */ = {isa = PBXBuildFile; fileRef = A1A1A1A1A1A1A1A1A1A1A1AA /* SettingsView.swift */; };
		A1A1A1A1A1A1A1A1A1A1A1AB /* TerminalView.swift in Sources */ = {isa = PBXBuildFile; fileRef = A1A1A1A1A1A1A1A1A1A1A1AC /* TerminalView.swift */; };
		F3F3F3F3F3F3F3F3F3F3F3B1 /* TerminalSessionController.swift in Sources */ = {isa = PBXBuildFile; fileRef = F3F3F3F3F3F3F3F3F3F3F301 /* TerminalSessionController.swift */; };
		F3F3F3F3F3F3F3F3F3F3F3B2 /* TerminalSessionDependencies.swift in Sources */ = {isa = PBXBuildFile; fileRef = F3F3F3F3F3F3F3F3F3F3F302 /* TerminalSessionDependencies.swift */; };
		F3F3F3F3F3F3F3F3F3F3F3B3 /* TerminalSessionViewModel.swift in Sources */ = {isa = PBXBuildFile; fileRef = F3F3F3F3F3F3F3F3F3F3F303 /* TerminalSessionViewModel.swift */; };
		A1A1A1A1A1A1A1A1A1A1A1C1 /* LicensesView.swift in Sources */ = {isa = PBXBuildFile; fileRef = A1A1A1A1A1A1A1A1A1A1A1C0 /* LicensesView.swift */; };
		74BCF1FED6F14F2BB1B9A388 /* Licenses.swift in Sources */ = {isa = PBXBuildFile; fileRef = 89E508C0249C443DB5EBB2E5 /* Licenses.swift */; };
		A1A1A1A1A1A1A1A1A1A1A1AD /* Assets.xcassets in Resources */ = {isa = PBXBuildFile; fileRef = A1A1A1A1A1A1A1A1A1A1A1AE /* Assets.xcassets */; };
		F2F2F2F2F2F2F2F2F2F2F2B1 /* AppLifecycleService.swift in Sources */ = {isa = PBXBuildFile; fileRef = F2F2F2F2F2F2F2F2F2F2F2A1 /* AppLifecycleService.swift */; };
		F2F2F2F2F2F2F2F2F2F2F2B2 /* NetworkPathService.swift in Sources */ = {isa = PBXBuildFile; fileRef = F2F2F2F2F2F2F2F2F2F2F2A2 /* NetworkPathService.swift */; };
		57FDDBAD7F1848398CD3BA4A /* ConnectionFailure.swift in Sources */ = {isa = PBXBuildFile; fileRef = 419F6FB9E4C14697A66F8256 /* ConnectionFailure.swift */; };
		F2F2F2F2F2F2F2F2F2F2F2B3 /* ConnectionManager.swift in Sources */ = {isa = PBXBuildFile; fileRef = F2F2F2F2F2F2F2F2F2F2F2A4 /* ConnectionManager.swift */; };
		67ADC61164BA4F348F78265D /* ReconnectBackoff.swift in Sources */ = {isa = PBXBuildFile; fileRef = 2DF9C3DDFEAB48459B4BB3FB /* ReconnectBackoff.swift */; };
		F3F3F3F3F3F3F3F3F3F3F3B5 /* MoshBootstrapper.swift in Sources */ = {isa = PBXBuildFile; fileRef = F3F3F3F3F3F3F3F3F3F3F305 /* MoshBootstrapper.swift */; };
		F3F3F3F3F3F3F3F3F3F3F3B7 /* MoshEngine.swift in Sources */ = {isa = PBXBuildFile; fileRef = F3F3F3F3F3F3F3F3F3F3F307 /* MoshEngine.swift */; };
		F3F3F3F3F3F3F3F3F3F3F3B6 /* MoshClientEngine.swift in Sources */ = {isa = PBXBuildFile; fileRef = F3F3F3F3F3F3F3F3F3F3F306 /* MoshClientEngine.swift */; };
		F4F4F4F4F4F4F4F4F4F4F402 /* NativeMoshEngine.swift in Sources */ = {isa = PBXBuildFile; fileRef = F4F4F4F4F4F4F4F4F4F4F401 /* NativeMoshEngine.swift */; };
		F3F3F3F3F3F3F3F3F3F3F3B4 /* LoopbackMoshEngine.swift in Sources */ = {isa = PBXBuildFile; fileRef = F3F3F3F3F3F3F3F3F3F3F304 /* LoopbackMoshEngine.swift */; };
		F3F3F3F3F3F3F3F3F3F3F3B8 /* UnavailableMoshEngine.swift in Sources */ = {isa = PBXBuildFile; fileRef = F3F3F3F3F3F3F3F3F3F3F308 /* UnavailableMoshEngine.swift */; };
		E2E2E2E2E2E2E2E2E2E2E2A1 /* SSHClient.swift in Sources */ = {isa = PBXBuildFile; fileRef = E2E2E2E2E2E2E2E2E2E2E2B1 /* SSHClient.swift */; };
		E2E2E2E2E2E2E2E2E2E2E2A2 /* SSHHostKeyVerifier.swift in Sources */ = {isa = PBXBuildFile; fileRef = E2E2E2E2E2E2E2E2E2E2E2B2 /* SSHHostKeyVerifier.swift */; };
		E2E2E2E2E2E2E2E2E2E2E2A3 /* UnavailableSSHClient.swift in Sources */ = {isa = PBXBuildFile; fileRef = E2E2E2E2E2E2E2E2E2E2E2B3 /* UnavailableSSHClient.swift */; };
		E2E2E2E2E2E2E2E2E2E2E2A4 /* LibSSH2Client.swift in Sources */ = {isa = PBXBuildFile; fileRef = E2E2E2E2E2E2E2E2E2E2E2B4 /* LibSSH2Client.swift */; };
		D1D1D1D1D1D1D1D1D1D1D1D1 /* KeyManagementView.swift in Sources */ = {isa = PBXBuildFile; fileRef = D1D1D1D1D1D1D1D1D1D1D1E1 /* KeyManagementView.swift */; };
		D1D1D1D1D1D1D1D1D1D1D1D2 /* KeychainPrivateKeyStore.swift in Sources */ = {isa = PBXBuildFile; fileRef = D1D1D1D1D1D1D1D1D1D1D1E2 /* KeychainPrivateKeyStore.swift */; };
		D1D1D1D1D1D1D1D1D1D1D1D3 /* SSHPrivateKeyValidator.swift in Sources */ = {isa = PBXBuildFile; fileRef = D1D1D1D1D1D1D1D1D1D1D1E3 /* SSHPrivateKeyValidator.swift */; };
		D1D1D1D1D1D1D1D1D1D1D1D4 /* SSHPrivateKeyValidatorTests.swift in Sources */ = {isa = PBXBuildFile; fileRef = D1D1D1D1D1D1D1D1D1D1D1E5 /* SSHPrivateKeyValidatorTests.swift */; };
		A9F2CF4273AA43B8A220FD35 /* MoshBootstrapperTests.swift in Sources */ = {isa = PBXBuildFile; fileRef = 1732609AEA2E44D18A29D6C6 /* MoshBootstrapperTests.swift */; };
		B656783C53F748E3B8A84134 /* ConnectionManagerTests.swift in Sources */ = {isa = PBXBuildFile; fileRef = 111671E9D83E43D9A0C0C7D1 /* ConnectionManagerTests.swift */; };
		1452E163F5D344E295B6A360 /* RepositoryTests.swift in Sources */ = {isa = PBXBuildFile; fileRef = B77D60C4676C4F66AF196A80 /* RepositoryTests.swift */; };
		BCF918674E6143BCB7E14C5C /* ReconnectBackoffPolicyTests.swift in Sources */ = {isa = PBXBuildFile; fileRef = 11EB1BDED3FF4596BF25B4BA /* ReconnectBackoffPolicyTests.swift */; };
		B1B1B1B1B1B1B1B1B1B1B1B3 /* SwiftTerm in Frameworks */ = {isa = PBXBuildFile; productRef = B1B1B1B1B1B1B1B1B1B1B1B2 /* SwiftTerm */; };
		C1C1C1C1C1C1C1C1C1C1C1D1 /* HostProfile.swift in Sources */ = {isa = PBXBuildFile; fileRef = C1C1C1C1C1C1C1C1C1C1C1C1 /* HostProfile.swift */; };
		C1C1C1C1C1C1C1C1C1C1C1D2 /* TrustedHostKey.swift in Sources */ = {isa = PBXBuildFile; fileRef = C1C1C1C1C1C1C1C1C1C1C1C2 /* TrustedHostKey.swift */; };
		C1C1C1C1C1C1C1C1C1C1C1D3 /* JSONStore.swift in Sources */ = {isa = PBXBuildFile; fileRef = C1C1C1C1C1C1C1C1C1C1C1C3 /* JSONStore.swift */; };
		F3F3F3F3F3F3F3F3F3F3F3B9 /* MoshConnectInfo.swift in Sources */ = {isa = PBXBuildFile; fileRef = F3F3F3F3F3F3F3F3F3F3F309 /* MoshConnectInfo.swift */; };
		F4F4F4F4F4F4F4F4F4F4F404 /* MoshCoreRuntime.swift in Sources */ = {isa = PBXBuildFile; fileRef = F4F4F4F4F4F4F4F4F4F4F403 /* MoshCoreRuntime.swift */; };
		DE63ADE7C9F14E50B62404BD /* SessionKey.swift in Sources */ = {isa = PBXBuildFile; fileRef = FF2FAF7BBBD045AEBECA0CE3 /* SessionKey.swift */; };
		1FCDB2638DAB4482A4E0C51E /* SecureRandom.swift in Sources */ = {isa = PBXBuildFile; fileRef = A5D3691FA6324878BDB61B35 /* SecureRandom.swift */; };
		C6C5AC7DCA2D4F87BD29A109 /* Clock.swift in Sources */ = {isa = PBXBuildFile; fileRef = 56DD095043A54897BD02CC57 /* Clock.swift */; };
		7B0AFDBF3A214D958A626557 /* SequenceCounter.swift in Sources */ = {isa = PBXBuildFile; fileRef = AE9D5D20682C47D79CA035F1 /* SequenceCounter.swift */; };
		B3EDDFB29DFA4D4D967C87BB /* ZlibCodec.swift in Sources */ = {isa = PBXBuildFile; fileRef = DB85C401F557476CA36637B7 /* ZlibCodec.swift */; };
		8B642FAAC36241C8A9292828 /* libz.tbd in Frameworks */ = {isa = PBXBuildFile; fileRef = 799D328B877F4E8683C00000 /* libz.tbd */; };
		C1C1C1C1C1C1C1C1C1C1C1D4 /* JSONStoreTests.swift in Sources */ = {isa = PBXBuildFile; fileRef = C1C1C1C1C1C1C1C1C1C1C1C4 /* JSONStoreTests.swift */; };
		0FE22A9F977F4DE5866962DB /* MoshClientCoreUtilTests.swift in Sources */ = {isa = PBXBuildFile; fileRef = FCE6ECFFF687451EB1224BE5 /* MoshClientCoreUtilTests.swift */; };
/* End PBXBuildFile section */

/* Begin PBXContainerItemProxy section */
		C1C1C1C1C1C1C1C1C1C1C1F6 /* PBXContainerItemProxy */ = {
			isa = PBXContainerItemProxy;
			containerPortal = A1A1A1A1A1A1A1A1A1A1A1B9 /* Project object */;
			proxyType = 1;
			remoteGlobalIDString = A1A1A1A1A1A1A1A1A1A1A1B5;
			remoteInfo = MoshTerminal;
		};
/* End PBXContainerItemProxy section */

/* Begin PBXFileReference section */
		3F63A1BE2F28F98800ACE2AA /* .gitignore */ = {isa = PBXFileReference; lastKnownFileType = text; path = .gitignore; sourceTree = "<group>"; };
		799D328B877F4E8683C00000 /* libz.tbd */ = {isa = PBXFileReference; lastKnownFileType = "sourcecode.text-based-dylib-definition"; name = libz.tbd; path = usr/lib/libz.tbd; sourceTree = SDKROOT; };
		A1A1A1A1A1A1A1A1A1A1A1A2 /* MoshTerminalApp.swift */ = {isa = PBXFileReference; lastKnownFileType = sourcecode.swift; path = MoshTerminalApp.swift; sourceTree = "<group>"; };
		A1A1A1A1A1A1A1A1A1A1A1A4 /* AppEnvironment.swift */ = {isa = PBXFileReference; lastKnownFileType = sourcecode.swift; path = AppEnvironment.swift; sourceTree = "<group>"; };
		A1A1A1A1A1A1A1A1A1A1A1D2 /* AppSettings.swift */ = {isa = PBXFileReference; lastKnownFileType = sourcecode.swift; path = AppSettings.swift; sourceTree = "<group>"; };
		A1A1A1A1A1A1A1A1A1A1A1A6 /* AppTheme.swift */ = {isa = PBXFileReference; lastKnownFileType = sourcecode.swift; path = AppTheme.swift; sourceTree = "<group>"; };
		A1A1A1A1A1A1A1A1A1A1A1A8 /* HostsListView.swift */ = {isa = PBXFileReference; lastKnownFileType = sourcecode.swift; path = HostsListView.swift; sourceTree = "<group>"; };
		F4F4F4F4F4F4F4F4F4F4F407 /* TrustedHostKeysView.swift */ = {isa = PBXFileReference; lastKnownFileType = sourcecode.swift; path = TrustedHostKeysView.swift; sourceTree = "<group>"; };
		E1E1E1E1E1E1E1E1E1E1E1A2 /* HostEditorView.swift */ = {isa = PBXFileReference; lastKnownFileType = sourcecode.swift; path = HostEditorView.swift; sourceTree = "<group>"; };
		A1A1A1A1A1A1A1A1A1A1A1AA /* SettingsView.swift */ = {isa = PBXFileReference; lastKnownFileType = sourcecode.swift; path = SettingsView.swift; sourceTree = "<group>"; };
		A1A1A1A1A1A1A1A1A1A1A1AC /* TerminalView.swift */ = {isa = PBXFileReference; lastKnownFileType = sourcecode.swift; path = TerminalView.swift; sourceTree = "<group>"; };
		F3F3F3F3F3F3F3F3F3F3F301 /* TerminalSessionController.swift */ = {isa = PBXFileReference; lastKnownFileType = sourcecode.swift; path = TerminalSessionController.swift; sourceTree = "<group>"; };
		F3F3F3F3F3F3F3F3F3F3F302 /* TerminalSessionDependencies.swift */ = {isa = PBXFileReference; lastKnownFileType = sourcecode.swift; path = TerminalSessionDependencies.swift; sourceTree = "<group>"; };
		F3F3F3F3F3F3F3F3F3F3F303 /* TerminalSessionViewModel.swift */ = {isa = PBXFileReference; lastKnownFileType = sourcecode.swift; path = TerminalSessionViewModel.swift; sourceTree = "<group>"; };
		A1A1A1A1A1A1A1A1A1A1A1C0 /* LicensesView.swift */ = {isa = PBXFileReference; lastKnownFileType = sourcecode.swift; path = LicensesView.swift; sourceTree = "<group>"; };
		89E508C0249C443DB5EBB2E5 /* Licenses.swift */ = {isa = PBXFileReference; lastKnownFileType = sourcecode.swift; path = Licenses.swift; sourceTree = "<group>"; };
		A1A1A1A1A1A1A1A1A1A1A1AE /* Assets.xcassets */ = {isa = PBXFileReference; lastKnownFileType = folder.assetcatalog; path = Assets.xcassets; sourceTree = "<group>"; };
		A1A1A1A1A1A1A1A1A1A1A1AF /* Info.plist */ = {isa = PBXFileReference; lastKnownFileType = text.plist.xml; path = Info.plist; sourceTree = "<group>"; };
		A1A1A1A1A1A1A1A1A1A1A1B0 /* MoshTerminal.app */ = {isa = PBXFileReference; explicitFileType = wrapper.application; path = MoshTerminal.app; sourceTree = BUILT_PRODUCTS_DIR; };
		F2F2F2F2F2F2F2F2F2F2F2A1 /* AppLifecycleService.swift */ = {isa = PBXFileReference; lastKnownFileType = sourcecode.swift; path = AppLifecycleService.swift; sourceTree = "<group>"; };
		F2F2F2F2F2F2F2F2F2F2F2A2 /* NetworkPathService.swift */ = {isa = PBXFileReference; lastKnownFileType = sourcecode.swift; path = NetworkPathService.swift; sourceTree = "<group>"; };
		419F6FB9E4C14697A66F8256 /* ConnectionFailure.swift */ = {isa = PBXFileReference; lastKnownFileType = sourcecode.swift; path = ConnectionFailure.swift; sourceTree = "<group>"; };
		F2F2F2F2F2F2F2F2F2F2F2A4 /* ConnectionManager.swift */ = {isa = PBXFileReference; lastKnownFileType = sourcecode.swift; path = ConnectionManager.swift; sourceTree = "<group>"; };
		2DF9C3DDFEAB48459B4BB3FB /* ReconnectBackoff.swift */ = {isa = PBXFileReference; lastKnownFileType = sourcecode.swift; path = ReconnectBackoff.swift; sourceTree = "<group>"; };
		F3F3F3F3F3F3F3F3F3F3F305 /* MoshBootstrapper.swift */ = {isa = PBXFileReference; lastKnownFileType = sourcecode.swift; path = MoshBootstrapper.swift; sourceTree = "<group>"; };
		F3F3F3F3F3F3F3F3F3F3F307 /* MoshEngine.swift */ = {isa = PBXFileReference; lastKnownFileType = sourcecode.swift; path = MoshEngine.swift; sourceTree = "<group>"; };
		F3F3F3F3F3F3F3F3F3F3F306 /* MoshClientEngine.swift */ = {isa = PBXFileReference; lastKnownFileType = sourcecode.swift; path = MoshClientEngine.swift; sourceTree = "<group>"; };
		F4F4F4F4F4F4F4F4F4F4F401 /* NativeMoshEngine.swift */ = {isa = PBXFileReference; lastKnownFileType = sourcecode.swift; path = NativeMoshEngine.swift; sourceTree = "<group>"; };
		F3F3F3F3F3F3F3F3F3F3F304 /* LoopbackMoshEngine.swift */ = {isa = PBXFileReference; lastKnownFileType = sourcecode.swift; path = LoopbackMoshEngine.swift; sourceTree = "<group>"; };
		F3F3F3F3F3F3F3F3F3F3F308 /* UnavailableMoshEngine.swift */ = {isa = PBXFileReference; lastKnownFileType = sourcecode.swift; path = UnavailableMoshEngine.swift; sourceTree = "<group>"; };
		E2E2E2E2E2E2E2E2E2E2E2B1 /* SSHClient.swift */ = {isa = PBXFileReference; lastKnownFileType = sourcecode.swift; path = SSHClient.swift; sourceTree = "<group>"; };
		E2E2E2E2E2E2E2E2E2E2E2B2 /* SSHHostKeyVerifier.swift */ = {isa = PBXFileReference; lastKnownFileType = sourcecode.swift; path = SSHHostKeyVerifier.swift; sourceTree = "<group>"; };
		E2E2E2E2E2E2E2E2E2E2E2B3 /* UnavailableSSHClient.swift */ = {isa = PBXFileReference; lastKnownFileType = sourcecode.swift; path = UnavailableSSHClient.swift; sourceTree = "<group>"; };
		E2E2E2E2E2E2E2E2E2E2E2B4 /* LibSSH2Client.swift */ = {isa = PBXFileReference; lastKnownFileType = sourcecode.swift; path = LibSSH2Client.swift; sourceTree = "<group>"; };
		D1D1D1D1D1D1D1D1D1D1D1E1 /* KeyManagementView.swift */ = {isa = PBXFileReference; lastKnownFileType = sourcecode.swift; path = KeyManagementView.swift; sourceTree = "<group>"; };
		D1D1D1D1D1D1D1D1D1D1D1E2 /* KeychainPrivateKeyStore.swift */ = {isa = PBXFileReference; lastKnownFileType = sourcecode.swift; path = KeychainPrivateKeyStore.swift; sourceTree = "<group>"; };
		D1D1D1D1D1D1D1D1D1D1D1E3 /* SSHPrivateKeyValidator.swift */ = {isa = PBXFileReference; lastKnownFileType = sourcecode.swift; path = SSHPrivateKeyValidator.swift; sourceTree = "<group>"; };
		D1D1D1D1D1D1D1D1D1D1D1E5 /* SSHPrivateKeyValidatorTests.swift */ = {isa = PBXFileReference; lastKnownFileType = sourcecode.swift; path = SSHPrivateKeyValidatorTests.swift; sourceTree = "<group>"; };
		1732609AEA2E44D18A29D6C6 /* MoshBootstrapperTests.swift */ = {isa = PBXFileReference; lastKnownFileType = sourcecode.swift; path = MoshBootstrapperTests.swift; sourceTree = "<group>"; };
		111671E9D83E43D9A0C0C7D1 /* ConnectionManagerTests.swift */ = {isa = PBXFileReference; lastKnownFileType = sourcecode.swift; path = ConnectionManagerTests.swift; sourceTree = "<group>"; };
		B77D60C4676C4F66AF196A80 /* RepositoryTests.swift */ = {isa = PBXFileReference; lastKnownFileType = sourcecode.swift; path = RepositoryTests.swift; sourceTree = "<group>"; };
		11EB1BDED3FF4596BF25B4BA /* ReconnectBackoffPolicyTests.swift */ = {isa = PBXFileReference; lastKnownFileType = sourcecode.swift; path = ReconnectBackoffPolicyTests.swift; sourceTree = "<group>"; };
		C1C1C1C1C1C1C1C1C1C1C1C1 /* HostProfile.swift */ = {isa = PBXFileReference; lastKnownFileType = sourcecode.swift; path = HostProfile.swift; sourceTree = "<group>"; };
		F3F3F3F3F3F3F3F3F3F3F309 /* MoshConnectInfo.swift */ = {isa = PBXFileReference; lastKnownFileType = sourcecode.swift; path = MoshConnectInfo.swift; sourceTree = "<group>"; };
		F4F4F4F4F4F4F4F4F4F4F403 /* MoshCoreRuntime.swift */ = {isa = PBXFileReference; lastKnownFileType = sourcecode.swift; path = MoshCoreRuntime.swift; sourceTree = "<group>"; };
		FF2FAF7BBBD045AEBECA0CE3 /* SessionKey.swift */ = {isa = PBXFileReference; lastKnownFileType = sourcecode.swift; path = SessionKey.swift; sourceTree = "<group>"; };
		A5D3691FA6324878BDB61B35 /* SecureRandom.swift */ = {isa = PBXFileReference; lastKnownFileType = sourcecode.swift; path = SecureRandom.swift; sourceTree = "<group>"; };
		56DD095043A54897BD02CC57 /* Clock.swift */ = {isa = PBXFileReference; lastKnownFileType = sourcecode.swift; path = Clock.swift; sourceTree = "<group>"; };
		AE9D5D20682C47D79CA035F1 /* SequenceCounter.swift */ = {isa = PBXFileReference; lastKnownFileType = sourcecode.swift; path = SequenceCounter.swift; sourceTree = "<group>"; };
		DB85C401F557476CA36637B7 /* ZlibCodec.swift */ = {isa = PBXFileReference; lastKnownFileType = sourcecode.swift; path = ZlibCodec.swift; sourceTree = "<group>"; };
		F4F4F4F4F4F4F4F4F4F4F405 /* README.md */ = {isa = PBXFileReference; lastKnownFileType = net.daringfireball.markdown; path = README.md; sourceTree = "<group>"; };
		FCE6ECFFF687451EB1224BE5 /* MoshClientCoreUtilTests.swift */ = {isa = PBXFileReference; lastKnownFileType = sourcecode.swift; path = MoshClientCoreUtilTests.swift; sourceTree = "<group>"; };
		C1C1C1C1C1C1C1C1C1C1C1C2 /* TrustedHostKey.swift */ = {isa = PBXFileReference; lastKnownFileType = sourcecode.swift; path = TrustedHostKey.swift; sourceTree = "<group>"; };
		C1C1C1C1C1C1C1C1C1C1C1C3 /* JSONStore.swift */ = {isa = PBXFileReference; lastKnownFileType = sourcecode.swift; path = JSONStore.swift; sourceTree = "<group>"; };
		C1C1C1C1C1C1C1C1C1C1C1C4 /* JSONStoreTests.swift */ = {isa = PBXFileReference; lastKnownFileType = sourcecode.swift; path = JSONStoreTests.swift; sourceTree = "<group>"; };
		C1C1C1C1C1C1C1C1C1C1C1C5 /* MoshTerminalTests.xctest */ = {isa = PBXFileReference; explicitFileType = wrapper.cfbundle; path = MoshTerminalTests.xctest; sourceTree = BUILT_PRODUCTS_DIR; };
/* End PBXFileReference section */

/* Begin PBXFrameworksBuildPhase section */
		A1A1A1A1A1A1A1A1A1A1A1B1 /* Frameworks */ = {
			isa = PBXFrameworksBuildPhase;
			buildActionMask = 2147483647;
			files = (
				8B642FAAC36241C8A9292828 /* libz.tbd in Frameworks */,
				B1B1B1B1B1B1B1B1B1B1B1B3 /* SwiftTerm in Frameworks */,
			);
			runOnlyForDeploymentPostprocessing = 0;
		};
		C1C1C1C1C1C1C1C1C1C1C1F2 /* Frameworks */ = {
			isa = PBXFrameworksBuildPhase;
			buildActionMask = 2147483647;
			files = (
			);
			runOnlyForDeploymentPostprocessing = 0;
		};
/* End PBXFrameworksBuildPhase section */

/* Begin PBXGroup section */
		A1A1A1A1A1A1A1A1A1A1A1B2 = {
			isa = PBXGroup;
			children = (
				A1A1A1A1A1A1A1A1A1A1A1B3 /* MoshTerminal */,
				C1C1C1C1C1C1C1C1C1C1C1E3 /* MoshTerminalTests */,
				A1A1A1A1A1A1A1A1A1A1A1B4 /* Products */,
				799D328B877F4E8683C00000 /* libz.tbd */,
				3F63A1BE2F28F98800ACE2AA /* .gitignore */,
			);
			sourceTree = "<group>";
		};
		A1A1A1A1A1A1A1A1A1A1A1B3 /* MoshTerminal */ = {
			isa = PBXGroup;
			children = (
				A1A1A1A1A1A1A1A1A1A1A1A2 /* MoshTerminalApp.swift */,
				A1A1A1A1A1A1A1A1A1A1A1A4 /* AppEnvironment.swift */,
				A1A1A1A1A1A1A1A1A1A1A1D2 /* AppSettings.swift */,
				A1A1A1A1A1A1A1A1A1A1A1A6 /* AppTheme.swift */,
				A1A1A1A1A1A1A1A1A1A1A1A8 /* HostsListView.swift */,
				F4F4F4F4F4F4F4F4F4F4F407 /* TrustedHostKeysView.swift */,
				E1E1E1E1E1E1E1E1E1E1E1A2 /* HostEditorView.swift */,
				D1D1D1D1D1D1D1D1D1D1D1E1 /* KeyManagementView.swift */,
				A1A1A1A1A1A1A1A1A1A1A1AA /* SettingsView.swift */,
				A1A1A1A1A1A1A1A1A1A1A1C0 /* LicensesView.swift */,
				89E508C0249C443DB5EBB2E5 /* Licenses.swift */,
				A1A1A1A1A1A1A1A1A1A1A1AC /* TerminalView.swift */,
				F3F3F3F3F3F3F3F3F3F3F301 /* TerminalSessionController.swift */,
				F3F3F3F3F3F3F3F3F3F3F302 /* TerminalSessionDependencies.swift */,
				F3F3F3F3F3F3F3F3F3F3F303 /* TerminalSessionViewModel.swift */,
				F4F4F4F4F4F4F4F4F4F4F406 /* MoshClientCore */,
				F2F2F2F2F2F2F2F2F2F2F2A3 /* Services */,
				C1C1C1C1C1C1C1C1C1C1C1E1 /* Model */,
				C1C1C1C1C1C1C1C1C1C1C1E2 /* Persistence */,
				D1D1D1D1D1D1D1D1D1D1D1E4 /* Security */,
				A1A1A1A1A1A1A1A1A1A1A1AE /* Assets.xcassets */,
				A1A1A1A1A1A1A1A1A1A1A1AF /* Info.plist */,
			);
			path = MoshTerminal;
			sourceTree = "<group>";
		};
		F2F2F2F2F2F2F2F2F2F2F2A3 /* Services */ = {
			isa = PBXGroup;
			children = (
				F2F2F2F2F2F2F2F2F2F2F2A1 /* AppLifecycleService.swift */,
				F2F2F2F2F2F2F2F2F2F2F2A2 /* NetworkPathService.swift */,
				419F6FB9E4C14697A66F8256 /* ConnectionFailure.swift */,
				F2F2F2F2F2F2F2F2F2F2F2A4 /* ConnectionManager.swift */,
				2DF9C3DDFEAB48459B4BB3FB /* ReconnectBackoff.swift */,
				F3F3F3F3F3F3F3F3F3F3F305 /* MoshBootstrapper.swift */,
				F3F3F3F3F3F3F3F3F3F3F307 /* MoshEngine.swift */,
				F3F3F3F3F3F3F3F3F3F3F306 /* MoshClientEngine.swift */,
				F4F4F4F4F4F4F4F4F4F4F401 /* NativeMoshEngine.swift */,
				F3F3F3F3F3F3F3F3F3F3F304 /* LoopbackMoshEngine.swift */,
				E2E2E2E2E2E2E2E2E2E2E2B1 /* SSHClient.swift */,
				E2E2E2E2E2E2E2E2E2E2E2B2 /* SSHHostKeyVerifier.swift */,
				E2E2E2E2E2E2E2E2E2E2E2B4 /* LibSSH2Client.swift */,
				F3F3F3F3F3F3F3F3F3F3F308 /* UnavailableMoshEngine.swift */,
				E2E2E2E2E2E2E2E2E2E2E2B3 /* UnavailableSSHClient.swift */,
			);
			path = Services;
			sourceTree = "<group>";
		};
		F4F4F4F4F4F4F4F4F4F4F406 /* MoshClientCore */ = {
			isa = PBXGroup;
			children = (
				F4F4F4F4F4F4F4F4F4F4F405 /* README.md */,
				6D50D474ACBA42F58AB05B63 /* Util */,
				F4F4F4F4F4F4F4F4F4F4F403 /* MoshCoreRuntime.swift */,
			);
			path = MoshClientCore;
			sourceTree = "<group>";
		};
		6D50D474ACBA42F58AB05B63 /* Util */ = {
			isa = PBXGroup;
			children = (
				FF2FAF7BBBD045AEBECA0CE3 /* SessionKey.swift */,
				A5D3691FA6324878BDB61B35 /* SecureRandom.swift */,
				56DD095043A54897BD02CC57 /* Clock.swift */,
				AE9D5D20682C47D79CA035F1 /* SequenceCounter.swift */,
				DB85C401F557476CA36637B7 /* ZlibCodec.swift */,
			);
			path = Util;
			sourceTree = "<group>";
		};
		C1C1C1C1C1C1C1C1C1C1C1E1 /* Model */ = {
			isa = PBXGroup;
			children = (
				C1C1C1C1C1C1C1C1C1C1C1C1 /* HostProfile.swift */,
				F3F3F3F3F3F3F3F3F3F3F309 /* MoshConnectInfo.swift */,
				C1C1C1C1C1C1C1C1C1C1C1C2 /* TrustedHostKey.swift */,
			);
			path = Model;
			sourceTree = "<group>";
		};
		C1C1C1C1C1C1C1C1C1C1C1E2 /* Persistence */ = {
			isa = PBXGroup;
			children = (
				C1C1C1C1C1C1C1C1C1C1C1C3 /* JSONStore.swift */,
			);
			path = Persistence;
			sourceTree = "<group>";
		};
		D1D1D1D1D1D1D1D1D1D1D1E4 /* Security */ = {
			isa = PBXGroup;
			children = (
				D1D1D1D1D1D1D1D1D1D1D1E2 /* KeychainPrivateKeyStore.swift */,
				D1D1D1D1D1D1D1D1D1D1D1E3 /* SSHPrivateKeyValidator.swift */,
			);
			path = Security;
			sourceTree = "<group>";
		};
		C1C1C1C1C1C1C1C1C1C1C1E3 /* MoshTerminalTests */ = {
			isa = PBXGroup;
			children = (
				C1C1C1C1C1C1C1C1C1C1C1C4 /* JSONStoreTests.swift */,
				1732609AEA2E44D18A29D6C6 /* MoshBootstrapperTests.swift */,
				111671E9D83E43D9A0C0C7D1 /* ConnectionManagerTests.swift */,
				11EB1BDED3FF4596BF25B4BA /* ReconnectBackoffPolicyTests.swift */,
				B77D60C4676C4F66AF196A80 /* RepositoryTests.swift */,
				D1D1D1D1D1D1D1D1D1D1D1E5 /* SSHPrivateKeyValidatorTests.swift */,
				FCE6ECFFF687451EB1224BE5 /* MoshClientCoreUtilTests.swift */,
			);
			path = MoshTerminalTests;
			sourceTree = "<group>";
		};
		A1A1A1A1A1A1A1A1A1A1A1B4 /* Products */ = {
			isa = PBXGroup;
			children = (
				A1A1A1A1A1A1A1A1A1A1A1B0 /* MoshTerminal.app */,
				C1C1C1C1C1C1C1C1C1C1C1C5 /* MoshTerminalTests.xctest */,
			);
			path = Products;
			sourceTree = "<group>";
		};
/* End PBXGroup section */

/* Begin PBXNativeTarget section */
		A1A1A1A1A1A1A1A1A1A1A1B5 /* MoshTerminal */ = {
			isa = PBXNativeTarget;
			buildConfigurationList = A1A1A1A1A1A1A1A1A1A1A1B6 /* Build configuration list for PBXNativeTarget "MoshTerminal" */;
			buildPhases = (
				A1A1A1A1A1A1A1A1A1A1A1B7 /* Sources */,
				A1A1A1A1A1A1A1A1A1A1A1B8 /* Resources */,
				A1A1A1A1A1A1A1A1A1A1A1B1 /* Frameworks */,
			);
			buildRules = (
			);
			dependencies = (
			);
			packageProductDependencies = (
				B1B1B1B1B1B1B1B1B1B1B1B2 /* SwiftTerm */,
			);
			name = MoshTerminal;
			productName = MoshTerminal;
			productReference = A1A1A1A1A1A1A1A1A1A1A1B0 /* MoshTerminal.app */;
			productType = "com.apple.product-type.application";
		};
		C1C1C1C1C1C1C1C1C1C1C1F4 /* MoshTerminalTests */ = {
			isa = PBXNativeTarget;
			buildConfigurationList = C1C1C1C1C1C1C1C1C1C1C1F7 /* Build configuration list for PBXNativeTarget "MoshTerminalTests" */;
			buildPhases = (
				C1C1C1C1C1C1C1C1C1C1C1F1 /* Sources */,
				C1C1C1C1C1C1C1C1C1C1C1F3 /* Resources */,
				C1C1C1C1C1C1C1C1C1C1C1F2 /* Frameworks */,
			);
			buildRules = (
			);
			dependencies = (
				C1C1C1C1C1C1C1C1C1C1C1F5 /* PBXTargetDependency */,
			);
			name = MoshTerminalTests;
			productName = MoshTerminalTests;
			productReference = C1C1C1C1C1C1C1C1C1C1C1C5 /* MoshTerminalTests.xctest */;
			productType = "com.apple.product-type.bundle.unit-test";
		};
/* End PBXNativeTarget section */

/* Begin PBXProject section */
		A1A1A1A1A1A1A1A1A1A1A1B9 /* Project object */ = {
			isa = PBXProject;
			attributes = {
				BuildIndependentTargetsInParallel = 1;
				LastSwiftUpdateCheck = 1600;
				LastUpgradeCheck = 2620;
				TargetAttributes = {
					A1A1A1A1A1A1A1A1A1A1A1B5 = {
						CreatedOnToolsVersion = 16.0;
					};
					C1C1C1C1C1C1C1C1C1C1C1F4 = {
						CreatedOnToolsVersion = 16.0;
					};
				};
			};
			buildConfigurationList = A1A1A1A1A1A1A1A1A1A1A1BA /* Build configuration list for PBXProject "MoshTerminal" */;
			compatibilityVersion = "Xcode 16.0";
			developmentRegion = en;
			hasScannedForEncodings = 0;
			knownRegions = (
				en,
				Base,
			);
			mainGroup = A1A1A1A1A1A1A1A1A1A1A1B2;
			packageReferences = (
				B1B1B1B1B1B1B1B1B1B1B1B1 /* XCRemoteSwiftPackageReference "SwiftTerm" */,
			);
			productRefGroup = A1A1A1A1A1A1A1A1A1A1A1B4 /* Products */;
			projectDirPath = "";
			projectRoot = "";
			targets = (
				A1A1A1A1A1A1A1A1A1A1A1B5 /* MoshTerminal */,
				C1C1C1C1C1C1C1C1C1C1C1F4 /* MoshTerminalTests */,
			);
		};
/* End PBXProject section */

/* Begin PBXResourcesBuildPhase section */
		A1A1A1A1A1A1A1A1A1A1A1B8 /* Resources */ = {
			isa = PBXResourcesBuildPhase;
			buildActionMask = 2147483647;
			files = (
				A1A1A1A1A1A1A1A1A1A1A1AD /* Assets.xcassets in Resources */,
			);
			runOnlyForDeploymentPostprocessing = 0;
		};
		C1C1C1C1C1C1C1C1C1C1C1F3 /* Resources */ = {
			isa = PBXResourcesBuildPhase;
			buildActionMask = 2147483647;
			files = (
			);
			runOnlyForDeploymentPostprocessing = 0;
		};
/* End PBXResourcesBuildPhase section */

/* Begin PBXSourcesBuildPhase section */
		A1A1A1A1A1A1A1A1A1A1A1B7 /* Sources */ = {
			isa = PBXSourcesBuildPhase;
			buildActionMask = 2147483647;
			files = (
				A1A1A1A1A1A1A1A1A1A1A1A1 /* MoshTerminalApp.swift in Sources */,
				A1A1A1A1A1A1A1A1A1A1A1A3 /* AppEnvironment.swift in Sources */,
				A1A1A1A1A1A1A1A1A1A1A1D1 /* AppSettings.swift in Sources */,
				A1A1A1A1A1A1A1A1A1A1A1A5 /* AppTheme.swift in Sources */,
				A1A1A1A1A1A1A1A1A1A1A1A7 /* HostsListView.swift in Sources */,
				F4F4F4F4F4F4F4F4F4F4F408 /* TrustedHostKeysView.swift in Sources */,
				E1E1E1E1E1E1E1E1E1E1E1A1 /* HostEditorView.swift in Sources */,
				D1D1D1D1D1D1D1D1D1D1D1D1 /* KeyManagementView.swift in Sources */,
				A1A1A1A1A1A1A1A1A1A1A1A9 /* SettingsView.swift in Sources */,
				A1A1A1A1A1A1A1A1A1A1A1C1 /* LicensesView.swift in Sources */,
				74BCF1FED6F14F2BB1B9A388 /* Licenses.swift in Sources */,
				A1A1A1A1A1A1A1A1A1A1A1AB /* TerminalView.swift in Sources */,
				F3F3F3F3F3F3F3F3F3F3F3B1 /* TerminalSessionController.swift in Sources */,
				F3F3F3F3F3F3F3F3F3F3F3B2 /* TerminalSessionDependencies.swift in Sources */,
				F3F3F3F3F3F3F3F3F3F3F3B3 /* TerminalSessionViewModel.swift in Sources */,
				F2F2F2F2F2F2F2F2F2F2F2B1 /* AppLifecycleService.swift in Sources */,
				F2F2F2F2F2F2F2F2F2F2F2B2 /* NetworkPathService.swift in Sources */,
				57FDDBAD7F1848398CD3BA4A /* ConnectionFailure.swift in Sources */,
				F2F2F2F2F2F2F2F2F2F2F2B3 /* ConnectionManager.swift in Sources */,
				67ADC61164BA4F348F78265D /* ReconnectBackoff.swift in Sources */,
				F3F3F3F3F3F3F3F3F3F3F3B5 /* MoshBootstrapper.swift in Sources */,
				F3F3F3F3F3F3F3F3F3F3F3B7 /* MoshEngine.swift in Sources */,
				F3F3F3F3F3F3F3F3F3F3F3B6 /* MoshClientEngine.swift in Sources */,
				F4F4F4F4F4F4F4F4F4F4F402 /* NativeMoshEngine.swift in Sources */,
				F3F3F3F3F3F3F3F3F3F3F3B4 /* LoopbackMoshEngine.swift in Sources */,
				F3F3F3F3F3F3F3F3F3F3F3B8 /* UnavailableMoshEngine.swift in Sources */,
				E2E2E2E2E2E2E2E2E2E2E2A1 /* SSHClient.swift in Sources */,
				E2E2E2E2E2E2E2E2E2E2E2A2 /* SSHHostKeyVerifier.swift in Sources */,
				E2E2E2E2E2E2E2E2E2E2E2A4 /* LibSSH2Client.swift in Sources */,
				E2E2E2E2E2E2E2E2E2E2E2A3 /* UnavailableSSHClient.swift in Sources */,
				C1C1C1C1C1C1C1C1C1C1C1D1 /* HostProfile.swift in Sources */,
				F3F3F3F3F3F3F3F3F3F3F3B9 /* MoshConnectInfo.swift in Sources */,
				F4F4F4F4F4F4F4F4F4F4F404 /* MoshCoreRuntime.swift in Sources */,
				DE63ADE7C9F14E50B62404BD /* SessionKey.swift in Sources */,
				1FCDB2638DAB4482A4E0C51E /* SecureRandom.swift in Sources */,
				C6C5AC7DCA2D4F87BD29A109 /* Clock.swift in Sources */,
				7B0AFDBF3A214D958A626557 /* SequenceCounter.swift in Sources */,
				B3EDDFB29DFA4D4D967C87BB /* ZlibCodec.swift in Sources */,
				C1C1C1C1C1C1C1C1C1C1C1D2 /* TrustedHostKey.swift in Sources */,
				C1C1C1C1C1C1C1C1C1C1C1D3 /* JSONStore.swift in Sources */,
				D1D1D1D1D1D1D1D1D1D1D1D2 /* KeychainPrivateKeyStore.swift in Sources */,
				D1D1D1D1D1D1D1D1D1D1D1D3 /* SSHPrivateKeyValidator.swift in Sources */,
			);
			runOnlyForDeploymentPostprocessing = 0;
		};
		C1C1C1C1C1C1C1C1C1C1C1F1 /* Sources */ = {
			isa = PBXSourcesBuildPhase;
			buildActionMask = 2147483647;
			files = (
				C1C1C1C1C1C1C1C1C1C1C1D4 /* JSONStoreTests.swift in Sources */,
				A9F2CF4273AA43B8A220FD35 /* MoshBootstrapperTests.swift in Sources */,
				B656783C53F748E3B8A84134 /* ConnectionManagerTests.swift in Sources */,
				BCF918674E6143BCB7E14C5C /* ReconnectBackoffPolicyTests.swift in Sources */,
				1452E163F5D344E295B6A360 /* RepositoryTests.swift in Sources */,
				D1D1D1D1D1D1D1D1D1D1D1D4 /* SSHPrivateKeyValidatorTests.swift in Sources */,
				0FE22A9F977F4DE5866962DB /* MoshClientCoreUtilTests.swift in Sources */,
			);
			runOnlyForDeploymentPostprocessing = 0;
		};
/* End PBXSourcesBuildPhase section */

/* Begin PBXTargetDependency section */
		C1C1C1C1C1C1C1C1C1C1C1F5 /* PBXTargetDependency */ = {
			isa = PBXTargetDependency;
			target = A1A1A1A1A1A1A1A1A1A1A1B5 /* MoshTerminal */;
			targetProxy = C1C1C1C1C1C1C1C1C1C1C1F6 /* PBXContainerItemProxy */;
		};
/* End PBXTargetDependency section */

/* Begin XCRemoteSwiftPackageReference section */
		B1B1B1B1B1B1B1B1B1B1B1B1 /* XCRemoteSwiftPackageReference "SwiftTerm" */ = {
			isa = XCRemoteSwiftPackageReference;
			repositoryURL = "https://github.com/migueldeicaza/SwiftTerm.git";
			requirement = {
				branch = main;
				kind = branch;
			};
		};
/* End XCRemoteSwiftPackageReference section */

/* Begin XCSwiftPackageProductDependency section */
		B1B1B1B1B1B1B1B1B1B1B1B2 /* SwiftTerm */ = {
			isa = XCSwiftPackageProductDependency;
			package = B1B1B1B1B1B1B1B1B1B1B1B1 /* XCRemoteSwiftPackageReference "SwiftTerm" */;
			productName = SwiftTerm;
		};
/* End XCSwiftPackageProductDependency section */

/* Begin XCBuildConfiguration section */
		A1A1A1A1A1A1A1A1A1A1A1BB /* Debug */ = {
			isa = XCBuildConfiguration;
			buildSettings = {
				ALWAYS_SEARCH_USER_PATHS = NO;
				ASSETCATALOG_COMPILER_APPICON_NAME = AppIcon;
				CLANG_ENABLE_OBJC_WEAK = YES;
				CLANG_WARN_QUOTED_INCLUDE_IN_FRAMEWORK_HEADER = YES;
				CODE_SIGN_STYLE = Automatic;
				CURRENT_PROJECT_VERSION = 1;
				ENABLE_PREVIEWS = YES;
				GENERATE_INFOPLIST_FILE = NO;
				INFOPLIST_FILE = MoshTerminal/Info.plist;
				IPHONEOS_DEPLOYMENT_TARGET = 17.0;
				LD_RUNPATH_SEARCH_PATHS = (
					"$(inherited)",
					"@executable_path/Frameworks",
				);
				MARKETING_VERSION = 1.0;
				PRODUCT_BUNDLE_IDENTIFIER = com.example.MoshTerminal;
				PRODUCT_NAME = "$(TARGET_NAME)";
				SDKROOT = iphoneos;
				SWIFT_EMIT_LOC_STRINGS = YES;
				SWIFT_OPTIMIZATION_LEVEL = "-Onone";
				SWIFT_VERSION = 5.0;
				TARGETED_DEVICE_FAMILY = "1,2";
			};
			name = Debug;
		};
		A1A1A1A1A1A1A1A1A1A1A1BC /* Release */ = {
			isa = XCBuildConfiguration;
			buildSettings = {
				ALWAYS_SEARCH_USER_PATHS = NO;
				ASSETCATALOG_COMPILER_APPICON_NAME = AppIcon;
				CLANG_ENABLE_OBJC_WEAK = YES;
				CLANG_WARN_QUOTED_INCLUDE_IN_FRAMEWORK_HEADER = YES;
				CODE_SIGN_STYLE = Automatic;
				CURRENT_PROJECT_VERSION = 1;
				ENABLE_PREVIEWS = YES;
				GENERATE_INFOPLIST_FILE = NO;
				INFOPLIST_FILE = MoshTerminal/Info.plist;
				IPHONEOS_DEPLOYMENT_TARGET = 17.0;
				LD_RUNPATH_SEARCH_PATHS = (
					"$(inherited)",
					"@executable_path/Frameworks",
				);
				MARKETING_VERSION = 1.0;
				PRODUCT_BUNDLE_IDENTIFIER = com.example.MoshTerminal;
				PRODUCT_NAME = "$(TARGET_NAME)";
				SDKROOT = iphoneos;
				SWIFT_EMIT_LOC_STRINGS = YES;
				SWIFT_VERSION = 5.0;
				TARGETED_DEVICE_FAMILY = "1,2";
			};
			name = Release;
		};
		A1A1A1A1A1A1A1A1A1A1A1BD /* Debug */ = {
			isa = XCBuildConfiguration;
			buildSettings = {
				CLANG_WARN_BLOCK_CAPTURE_AUTORELEASING = YES;
				CLANG_WARN_BOOL_CONVERSION = YES;
				CLANG_WARN_COMMA = YES;
				CLANG_WARN_CONSTANT_CONVERSION = YES;
				CLANG_WARN_DEPRECATED_OBJC_IMPLEMENTATIONS = YES;
				CLANG_WARN_EMPTY_BODY = YES;
				CLANG_WARN_ENUM_CONVERSION = YES;
				CLANG_WARN_INFINITE_RECURSION = YES;
				CLANG_WARN_INT_CONVERSION = YES;
				CLANG_WARN_NON_LITERAL_NULL_CONVERSION = YES;
				CLANG_WARN_OBJC_IMPLICIT_RETAIN_SELF = YES;
				CLANG_WARN_OBJC_LITERAL_CONVERSION = YES;
				CLANG_WARN_QUOTED_INCLUDE_IN_FRAMEWORK_HEADER = YES;
				CLANG_WARN_RANGE_LOOP_ANALYSIS = YES;
				CLANG_WARN_STRICT_PROTOTYPES = YES;
				CLANG_WARN_SUSPICIOUS_MOVE = YES;
				CLANG_WARN_UNREACHABLE_CODE = YES;
				CLANG_WARN__DUPLICATE_METHOD_MATCH = YES;
				CODE_SIGN_STYLE = Automatic;
				CURRENT_PROJECT_VERSION = 1;
				DEAD_CODE_STRIPPING = YES;
				DEVELOPMENT_TEAM = JVMXE5G542;
				ENABLE_STRICT_OBJC_MSGSEND = YES;
				ENABLE_TESTABILITY = YES;
				ENABLE_USER_SCRIPT_SANDBOXING = YES;
				GCC_NO_COMMON_BLOCKS = YES;
				GCC_WARN_64_TO_32_BIT_CONVERSION = YES;
				GCC_WARN_ABOUT_RETURN_TYPE = YES;
				GCC_WARN_UNDECLARED_SELECTOR = YES;
				GCC_WARN_UNINITIALIZED_AUTOS = YES;
				GCC_WARN_UNUSED_FUNCTION = YES;
				GCC_WARN_UNUSED_VARIABLE = YES;
				IPHONEOS_DEPLOYMENT_TARGET = 17.0;
				MARKETING_VERSION = 1.0;
				ONLY_ACTIVE_ARCH = YES;
				PRODUCT_BUNDLE_IDENTIFIER = com.example.MoshTerminal;
				STRING_CATALOG_GENERATE_SYMBOLS = YES;
				SWIFT_VERSION = 5.0;
				TARGETED_DEVICE_FAMILY = "1,2";
			};
			name = Debug;
		};
		A1A1A1A1A1A1A1A1A1A1A1BE /* Release */ = {
			isa = XCBuildConfiguration;
			buildSettings = {
				CLANG_WARN_BLOCK_CAPTURE_AUTORELEASING = YES;
				CLANG_WARN_BOOL_CONVERSION = YES;
				CLANG_WARN_COMMA = YES;
				CLANG_WARN_CONSTANT_CONVERSION = YES;
				CLANG_WARN_DEPRECATED_OBJC_IMPLEMENTATIONS = YES;
				CLANG_WARN_EMPTY_BODY = YES;
				CLANG_WARN_ENUM_CONVERSION = YES;
				CLANG_WARN_INFINITE_RECURSION = YES;
				CLANG_WARN_INT_CONVERSION = YES;
				CLANG_WARN_NON_LITERAL_NULL_CONVERSION = YES;
				CLANG_WARN_OBJC_IMPLICIT_RETAIN_SELF = YES;
				CLANG_WARN_OBJC_LITERAL_CONVERSION = YES;
				CLANG_WARN_QUOTED_INCLUDE_IN_FRAMEWORK_HEADER = YES;
				CLANG_WARN_RANGE_LOOP_ANALYSIS = YES;
				CLANG_WARN_STRICT_PROTOTYPES = YES;
				CLANG_WARN_SUSPICIOUS_MOVE = YES;
				CLANG_WARN_UNREACHABLE_CODE = YES;
				CLANG_WARN__DUPLICATE_METHOD_MATCH = YES;
				CODE_SIGN_STYLE = Automatic;
				CURRENT_PROJECT_VERSION = 1;
				DEAD_CODE_STRIPPING = YES;
				DEVELOPMENT_TEAM = JVMXE5G542;
				ENABLE_STRICT_OBJC_MSGSEND = YES;
				ENABLE_USER_SCRIPT_SANDBOXING = YES;
				GCC_NO_COMMON_BLOCKS = YES;
				GCC_WARN_64_TO_32_BIT_CONVERSION = YES;
				GCC_WARN_ABOUT_RETURN_TYPE = YES;
				GCC_WARN_UNDECLARED_SELECTOR = YES;
				GCC_WARN_UNINITIALIZED_AUTOS = YES;
				GCC_WARN_UNUSED_FUNCTION = YES;
				GCC_WARN_UNUSED_VARIABLE = YES;
				IPHONEOS_DEPLOYMENT_TARGET = 17.0;
				MARKETING_VERSION = 1.0;
				PRODUCT_BUNDLE_IDENTIFIER = com.example.MoshTerminal;
				STRING_CATALOG_GENERATE_SYMBOLS = YES;
				SWIFT_COMPILATION_MODE = wholemodule;
				SWIFT_VERSION = 5.0;
				TARGETED_DEVICE_FAMILY = "1,2";
			};
			name = Release;
		};
		C1C1C1C1C1C1C1C1C1C1C1F8 /* Debug */ = {
			isa = XCBuildConfiguration;
			buildSettings = {
				ALWAYS_SEARCH_USER_PATHS = NO;
				BUNDLE_LOADER = "$(TEST_HOST)";
				CODE_SIGN_STYLE = Automatic;
				DEVELOPMENT_TEAM = JVMXE5G542;
				GENERATE_INFOPLIST_FILE = YES;
				IPHONEOS_DEPLOYMENT_TARGET = 17.0;
				LD_RUNPATH_SEARCH_PATHS = (
					"$(inherited)",
					"@executable_path/Frameworks",
					"@loader_path/Frameworks",
				);
				PRODUCT_BUNDLE_IDENTIFIER = com.example.MoshTerminalTests;
				PRODUCT_NAME = "$(TARGET_NAME)";
				SDKROOT = iphoneos;
				SWIFT_OPTIMIZATION_LEVEL = "-Onone";
				SWIFT_VERSION = 5.0;
				TEST_HOST = "$(BUILT_PRODUCTS_DIR)/MoshTerminal.app/MoshTerminal";
			};
			name = Debug;
		};
		C1C1C1C1C1C1C1C1C1C1C1F9 /* Release */ = {
			isa = XCBuildConfiguration;
			buildSettings = {
				ALWAYS_SEARCH_USER_PATHS = NO;
				BUNDLE_LOADER = "$(TEST_HOST)";
				CODE_SIGN_STYLE = Automatic;
				DEVELOPMENT_TEAM = JVMXE5G542;
				GENERATE_INFOPLIST_FILE = YES;
				IPHONEOS_DEPLOYMENT_TARGET = 17.0;
				LD_RUNPATH_SEARCH_PATHS = (
					"$(inherited)",
					"@executable_path/Frameworks",
					"@loader_path/Frameworks",
				);
				PRODUCT_BUNDLE_IDENTIFIER = com.example.MoshTerminalTests;
				PRODUCT_NAME = "$(TARGET_NAME)";
				SDKROOT = iphoneos;
				SWIFT_VERSION = 5.0;
				TEST_HOST = "$(BUILT_PRODUCTS_DIR)/MoshTerminal.app/MoshTerminal";
			};
			name = Release;
		};
/* End XCBuildConfiguration section */

/* Begin XCConfigurationList section */
		A1A1A1A1A1A1A1A1A1A1A1B6 /* Build configuration list for PBXNativeTarget "MoshTerminal" */ = {
			isa = XCConfigurationList;
			buildConfigurations = (
				A1A1A1A1A1A1A1A1A1A1A1BB /* Debug */,
				A1A1A1A1A1A1A1A1A1A1A1BC /* Release */,
			);
			defaultConfigurationIsVisible = 0;
			defaultConfigurationName = Release;
		};
		C1C1C1C1C1C1C1C1C1C1C1F7 /* Build configuration list for PBXNativeTarget "MoshTerminalTests" */ = {
			isa = XCConfigurationList;
			buildConfigurations = (
				C1C1C1C1C1C1C1C1C1C1C1F8 /* Debug */,
				C1C1C1C1C1C1C1C1C1C1C1F9 /* Release */,
			);
			defaultConfigurationIsVisible = 0;
			defaultConfigurationName = Release;
		};
		A1A1A1A1A1A1A1A1A1A1A1BA /* Build configuration list for PBXProject "MoshTerminal" */ = {
			isa = XCConfigurationList;
			buildConfigurations = (
				A1A1A1A1A1A1A1A1A1A1A1BD /* Debug */,
				A1A1A1A1A1A1A1A1A1A1A1BE /* Release */,
			);
			defaultConfigurationIsVisible = 0;
			defaultConfigurationName = Release;
		};
/* End XCConfigurationList section */
	};
	rootObject = A1A1A1A1A1A1A1A1A1A1A1B9 /* Project object */;
}
